// !$*UTF8*$!
{
	archiveVersion = 1;
	classes = {
	};
	objectVersion = 51;
	objects = {

/* Begin PBXBuildFile section */
		07C32A9313C9B440650E5BD7 /* Pods_ProjectBuddies_ProjectBuddiesUITests.framework in Frameworks */ = {isa = PBXBuildFile; fileRef = 0B95F50EC2DBE5631D9446BC /* Pods_ProjectBuddies_ProjectBuddiesUITests.framework */; };
		130CB5A625F5B17B00C21F9C /* GoogleService-Info.plist in Resources */ = {isa = PBXBuildFile; fileRef = 130CB5A525F5B17B00C21F9C /* GoogleService-Info.plist */; };
		130CB5B025F6380F00C21F9C /* ProfileHeader.swift in Sources */ = {isa = PBXBuildFile; fileRef = 130CB5AF25F6380F00C21F9C /* ProfileHeader.swift */; };
		1315F81F260176CC0095D71E /* JoinRoomController.swift in Sources */ = {isa = PBXBuildFile; fileRef = 1315F81E260176CC0095D71E /* JoinRoomController.swift */; };
		1316CCEA260616CB0017D8B2 /* Notification.swift in Sources */ = {isa = PBXBuildFile; fileRef = 1316CCE9260616CB0017D8B2 /* Notification.swift */; };
		1316CCF32606731E0017D8B2 /* GroupCell.swift in Sources */ = {isa = PBXBuildFile; fileRef = 1316CCF22606731E0017D8B2 /* GroupCell.swift */; };
		1316CCFB2606748B0017D8B2 /* GroupViewModel.swift in Sources */ = {isa = PBXBuildFile; fileRef = 1316CCFA2606748B0017D8B2 /* GroupViewModel.swift */; };
		13211ED926205C4A00BBBAF6 /* CreateGroupMembersController.swift in Sources */ = {isa = PBXBuildFile; fileRef = 13211ED826205C4A00BBBAF6 /* CreateGroupMembersController.swift */; };
		13211EDE26205E5D00BBBAF6 /* UserCell.swift in Sources */ = {isa = PBXBuildFile; fileRef = 13211EDD26205E5D00BBBAF6 /* UserCell.swift */; };
		13246E3726406D7E009EBD51 /* SignupEmailController.swift in Sources */ = {isa = PBXBuildFile; fileRef = 13246E3626406D7E009EBD51 /* SignupEmailController.swift */; };
		13246E4226406D8E009EBD51 /* SignupPasswordController.swift in Sources */ = {isa = PBXBuildFile; fileRef = 13246E4126406D8E009EBD51 /* SignupPasswordController.swift */; };
		132DE1182621B7B400B0E491 /* GroupDetailsHeader.swift in Sources */ = {isa = PBXBuildFile; fileRef = 132DE1172621B7B400B0E491 /* GroupDetailsHeader.swift */; };
		133A349826307306000D2A74 /* CreateGroupTargetMembersController.swift in Sources */ = {isa = PBXBuildFile; fileRef = 133A349726307306000D2A74 /* CreateGroupTargetMembersController.swift */; };
		133A34AB2632F0ED000D2A74 /* EditProfileProjectNameController.swift in Sources */ = {isa = PBXBuildFile; fileRef = 133A34AA2632F0ED000D2A74 /* EditProfileProjectNameController.swift */; };
		133A34B32632F18A000D2A74 /* EditProfileProjectDescriptionController.swift in Sources */ = {isa = PBXBuildFile; fileRef = 133A34B22632F18A000D2A74 /* EditProfileProjectDescriptionController.swift */; };
		133A34B82632F207000D2A74 /* EditProfileProjectTechnologiesController.swift in Sources */ = {isa = PBXBuildFile; fileRef = 133A34B72632F207000D2A74 /* EditProfileProjectTechnologiesController.swift */; };
		133C52CE25F4E25A007858F9 /* Extensions.swift in Sources */ = {isa = PBXBuildFile; fileRef = 133C52CD25F4E25A007858F9 /* Extensions.swift */; };
		133C52D325F4E2C8007858F9 /* Constants.swift in Sources */ = {isa = PBXBuildFile; fileRef = 133C52D225F4E2C8007858F9 /* Constants.swift */; };
		133C52D825F4E415007858F9 /* RoomCell.swift in Sources */ = {isa = PBXBuildFile; fileRef = 133C52D725F4E415007858F9 /* RoomCell.swift */; };
		133C52DD25F4FB6E007858F9 /* TextField.swift in Sources */ = {isa = PBXBuildFile; fileRef = 133C52DC25F4FB6E007858F9 /* TextField.swift */; };
		133C52E225F555CD007858F9 /* CustomTextField.swift in Sources */ = {isa = PBXBuildFile; fileRef = 133C52E125F555CD007858F9 /* CustomTextField.swift */; };
		133C52E725F56E09007858F9 /* EditProfileController.swift in Sources */ = {isa = PBXBuildFile; fileRef = 133C52E625F56E09007858F9 /* EditProfileController.swift */; };
		133C52EC25F56E83007858F9 /* SettingsController.swift in Sources */ = {isa = PBXBuildFile; fileRef = 133C52EB25F56E83007858F9 /* SettingsController.swift */; };
		133C52F425F58393007858F9 /* CreateGroupController.swift in Sources */ = {isa = PBXBuildFile; fileRef = 133C52F325F58393007858F9 /* CreateGroupController.swift */; };
		133C52FC25F583F4007858F9 /* GroupController.swift in Sources */ = {isa = PBXBuildFile; fileRef = 133C52FB25F583F4007858F9 /* GroupController.swift */; };
		133C530125F59548007858F9 /* User.swift in Sources */ = {isa = PBXBuildFile; fileRef = 133C530025F59548007858F9 /* User.swift */; };
		133C530625F59E2B007858F9 /* SettingCell.swift in Sources */ = {isa = PBXBuildFile; fileRef = 133C530525F59E2B007858F9 /* SettingCell.swift */; };
		134ED2372669070C00D69C8B /* UpdateEditProfileExperienceController.swift in Sources */ = {isa = PBXBuildFile; fileRef = 134ED2362669070C00D69C8B /* UpdateEditProfileExperienceController.swift */; };
		134ED23B2669180D00D69C8B /* UpdateEditProfileProjectController.swift in Sources */ = {isa = PBXBuildFile; fileRef = 134ED23A2669180D00D69C8B /* UpdateEditProfileProjectController.swift */; };
		134ED23E2669655800D69C8B /* ConversationViewModel.swift in Sources */ = {isa = PBXBuildFile; fileRef = 134ED23D2669655800D69C8B /* ConversationViewModel.swift */; };
		134ED240266A2A6B00D69C8B /* NewConversationCell.swift in Sources */ = {isa = PBXBuildFile; fileRef = 134ED23F266A2A6B00D69C8B /* NewConversationCell.swift */; };
		135FB18825F8FDB500A7AB15 /* ProfileExperienceCell.swift in Sources */ = {isa = PBXBuildFile; fileRef = 135FB18725F8FDB500A7AB15 /* ProfileExperienceCell.swift */; };
		135FB18D25F8FDC400A7AB15 /* ProfileProjectCell.swift in Sources */ = {isa = PBXBuildFile; fileRef = 135FB18C25F8FDC400A7AB15 /* ProfileProjectCell.swift */; };
		135FB1A525F9222800A7AB15 /* ProfileEditPhotoCell.swift in Sources */ = {isa = PBXBuildFile; fileRef = 135FB1A425F9222800A7AB15 /* ProfileEditPhotoCell.swift */; };
		135FB1AD25F95CCE00A7AB15 /* AlertService.swift in Sources */ = {isa = PBXBuildFile; fileRef = 135FB1AC25F95CCE00A7AB15 /* AlertService.swift */; };
		135FB1B225F99A7B00A7AB15 /* SpecifyEditProfileController.swift in Sources */ = {isa = PBXBuildFile; fileRef = 135FB1B125F99A7B00A7AB15 /* SpecifyEditProfileController.swift */; };
		1376390926077C2500CE3224 /* NotificationViewModel.swift in Sources */ = {isa = PBXBuildFile; fileRef = 1376390826077C2500CE3224 /* NotificationViewModel.swift */; };
		139213722645957C00EC3277 /* Conversation.swift in Sources */ = {isa = PBXBuildFile; fileRef = 139213712645957C00EC3277 /* Conversation.swift */; };
		1393889926176DD400D5368C /* GroupDetailController.swift in Sources */ = {isa = PBXBuildFile; fileRef = 1393889826176DD400D5368C /* GroupDetailController.swift */; };
		1393889E26186E7F00D5368C /* NotificationService.swift in Sources */ = {isa = PBXBuildFile; fileRef = 1393889D26186E7F00D5368C /* NotificationService.swift */; };
		1397FD4225F3F5F600ED0439 /* AppDelegate.swift in Sources */ = {isa = PBXBuildFile; fileRef = 1397FD4125F3F5F600ED0439 /* AppDelegate.swift */; };
		1397FD4425F3F5F600ED0439 /* SceneDelegate.swift in Sources */ = {isa = PBXBuildFile; fileRef = 1397FD4325F3F5F600ED0439 /* SceneDelegate.swift */; };
		1397FD4B25F3F5F700ED0439 /* Assets.xcassets in Resources */ = {isa = PBXBuildFile; fileRef = 1397FD4A25F3F5F700ED0439 /* Assets.xcassets */; };
		1397FD4E25F3F5F700ED0439 /* LaunchScreen.storyboard in Resources */ = {isa = PBXBuildFile; fileRef = 1397FD4C25F3F5F700ED0439 /* LaunchScreen.storyboard */; };
		1397FD5925F3F5F700ED0439 /* ProjectBuddiesTests.swift in Sources */ = {isa = PBXBuildFile; fileRef = 1397FD5825F3F5F700ED0439 /* ProjectBuddiesTests.swift */; };
		1397FD6425F3F5F700ED0439 /* ProjectBuddiesUITests.swift in Sources */ = {isa = PBXBuildFile; fileRef = 1397FD6325F3F5F700ED0439 /* ProjectBuddiesUITests.swift */; };
		1397FD8025F3FCF600ED0439 /* MainTabBarController.swift in Sources */ = {isa = PBXBuildFile; fileRef = 1397FD7F25F3FCF600ED0439 /* MainTabBarController.swift */; };
		1397FD8825F3FD5A00ED0439 /* RoomsController.swift in Sources */ = {isa = PBXBuildFile; fileRef = 1397FD8725F3FD5A00ED0439 /* RoomsController.swift */; };
		1397FD8E25F3FDBD00ED0439 /* ProfileController.swift in Sources */ = {isa = PBXBuildFile; fileRef = 1397FD8D25F3FDBD00ED0439 /* ProfileController.swift */; };
		1397FD9325F3FDDD00ED0439 /* NotificationController.swift in Sources */ = {isa = PBXBuildFile; fileRef = 1397FD9225F3FDDD00ED0439 /* NotificationController.swift */; };
		1397FDA425F406CD00ED0439 /* ConversationsController.swift in Sources */ = {isa = PBXBuildFile; fileRef = 1397FDA325F406CD00ED0439 /* ConversationsController.swift */; };
		1397FDA925F407AC00ED0439 /* RegistrationController.swift in Sources */ = {isa = PBXBuildFile; fileRef = 1397FDA825F407AC00ED0439 /* RegistrationController.swift */; };
		1397FDB125F407F200ED0439 /* LoginController.swift in Sources */ = {isa = PBXBuildFile; fileRef = 1397FDB025F407F200ED0439 /* LoginController.swift */; };
		1397FDBC25F412F200ED0439 /* Room.swift in Sources */ = {isa = PBXBuildFile; fileRef = 1397FDBB25F412F200ED0439 /* Room.swift */; };
		1397FDC425F412FF00ED0439 /* Group.swift in Sources */ = {isa = PBXBuildFile; fileRef = 1397FDC325F412FF00ED0439 /* Group.swift */; };
		1397FDCE25F4131800ED0439 /* Message.swift in Sources */ = {isa = PBXBuildFile; fileRef = 1397FDCD25F4131800ED0439 /* Message.swift */; };
		139A5B302642BBB500DBC24F /* EditProfileExperienceTitleController.swift in Sources */ = {isa = PBXBuildFile; fileRef = 139A5B2F2642BBB500DBC24F /* EditProfileExperienceTitleController.swift */; };
		139A5B322642BBC600DBC24F /* EditProfileExperienceCompanyController.swift in Sources */ = {isa = PBXBuildFile; fileRef = 139A5B312642BBC600DBC24F /* EditProfileExperienceCompanyController.swift */; };
		139A5B342642BBD100DBC24F /* EditProfileExperienceDescriptionController.swift in Sources */ = {isa = PBXBuildFile; fileRef = 139A5B332642BBD100DBC24F /* EditProfileExperienceDescriptionController.swift */; };
		13A0C6922613605100F05005 /* MemberCell.swift in Sources */ = {isa = PBXBuildFile; fileRef = 13A0C6912613605100F05005 /* MemberCell.swift */; };
		13A0C69926136C4400F05005 /* LayoutBuilder.swift in Sources */ = {isa = PBXBuildFile; fileRef = 13A0C69826136C4400F05005 /* LayoutBuilder.swift */; };
		13B790A42640A2FE0089C8F5 /* LoginWithEmailController.swift in Sources */ = {isa = PBXBuildFile; fileRef = 13B790A32640A2FE0089C8F5 /* LoginWithEmailController.swift */; };
		13B790A62641634D0089C8F5 /* ForgotPasswordController.swift in Sources */ = {isa = PBXBuildFile; fileRef = 13B790A52641634D0089C8F5 /* ForgotPasswordController.swift */; };
		13B790A82641F1310089C8F5 /* CustomLabel.swift in Sources */ = {isa = PBXBuildFile; fileRef = 13B790A72641F1310089C8F5 /* CustomLabel.swift */; };
		13B790AC2642B9BB0089C8F5 /* EditProfileExperienceController.swift in Sources */ = {isa = PBXBuildFile; fileRef = 13B790AB2642B9BB0089C8F5 /* EditProfileExperienceController.swift */; };
		13BC7C43263594700016FE56 /* NewConversationController.swift in Sources */ = {isa = PBXBuildFile; fileRef = 13BC7C42263594700016FE56 /* NewConversationController.swift */; };
		13BC7C492635B73D0016FE56 /* ChatController.swift in Sources */ = {isa = PBXBuildFile; fileRef = 13BC7C482635B73D0016FE56 /* ChatController.swift */; };
		13BC7C892635DD9C0016FE56 /* ConversationCell.swift in Sources */ = {isa = PBXBuildFile; fileRef = 13BC7C882635DD9C0016FE56 /* ConversationCell.swift */; };
		13BC7C8E2636B3460016FE56 /* MesssageService.swift in Sources */ = {isa = PBXBuildFile; fileRef = 13BC7C8D2636B3460016FE56 /* MesssageService.swift */; };
		13BC7C9326370BED0016FE56 /* CreateGroupMembersSelectionController.swift in Sources */ = {isa = PBXBuildFile; fileRef = 13BC7C9226370BED0016FE56 /* CreateGroupMembersSelectionController.swift */; };
		13C069AD25FFF63500A5D3DF /* CreateRoomController.swift in Sources */ = {isa = PBXBuildFile; fileRef = 13C069AC25FFF63500A5D3DF /* CreateRoomController.swift */; };
		13C069BF260017B300A5D3DF /* RoomService.swift in Sources */ = {isa = PBXBuildFile; fileRef = 13C069BE260017B300A5D3DF /* RoomService.swift */; };
		13C069C426001CDA00A5D3DF /* ImageUploader.swift in Sources */ = {isa = PBXBuildFile; fileRef = 13C069C326001CDA00A5D3DF /* ImageUploader.swift */; };
		13C06A002600CABE00A5D3DF /* AuthService.swift in Sources */ = {isa = PBXBuildFile; fileRef = 13C069FF2600CABE00A5D3DF /* AuthService.swift */; };
		13C06A082601354600A5D3DF /* UserService.swift in Sources */ = {isa = PBXBuildFile; fileRef = 13C06A072601354600A5D3DF /* UserService.swift */; };
		13C06A1126013D5600A5D3DF /* ProfileHeaderViewModel.swift in Sources */ = {isa = PBXBuildFile; fileRef = 13C06A1026013D5600A5D3DF /* ProfileHeaderViewModel.swift */; };
		13C06A392601525C00A5D3DF /* AuthenticationViewModel.swift in Sources */ = {isa = PBXBuildFile; fileRef = 13C06A382601525C00A5D3DF /* AuthenticationViewModel.swift */; };
		13DE691C25FB7F560021C87A /* ProfileEditHeaderSection.swift in Sources */ = {isa = PBXBuildFile; fileRef = 13DE691B25FB7F560021C87A /* ProfileEditHeaderSection.swift */; };
		13DE692125FB81D70021C87A /* ProfileEditExperienceCell.swift in Sources */ = {isa = PBXBuildFile; fileRef = 13DE692025FB81D70021C87A /* ProfileEditExperienceCell.swift */; };
		13DE692C25FB99270021C87A /* ProfileEditTextCell.swift in Sources */ = {isa = PBXBuildFile; fileRef = 13DE692B25FB99270021C87A /* ProfileEditTextCell.swift */; };
		13DE693725FB9B4F0021C87A /* ProfileEditProjectCell.swift in Sources */ = {isa = PBXBuildFile; fileRef = 13DE693625FB9B4F0021C87A /* ProfileEditProjectCell.swift */; };
		13DE693E25FB9EB10021C87A /* ProfileEditHeaderWithoutAdding.swift in Sources */ = {isa = PBXBuildFile; fileRef = 13DE693D25FB9EB10021C87A /* ProfileEditHeaderWithoutAdding.swift */; };
		13DE696A25FBCB540021C87A /* EditProfileProjectController.swift in Sources */ = {isa = PBXBuildFile; fileRef = 13DE696925FBCB540021C87A /* EditProfileProjectController.swift */; };
		13EA8F882605078800B58E38 /* ProfileTextCell.swift in Sources */ = {isa = PBXBuildFile; fileRef = 13EA8F872605078800B58E38 /* ProfileTextCell.swift */; };
		13EA8F8D26050D0C00B58E38 /* ProfilePropertyHeader.swift in Sources */ = {isa = PBXBuildFile; fileRef = 13EA8F8C26050D0C00B58E38 /* ProfilePropertyHeader.swift */; };
		13EA8F92260567FB00B58E38 /* NotificationCell.swift in Sources */ = {isa = PBXBuildFile; fileRef = 13EA8F91260567FB00B58E38 /* NotificationCell.swift */; };
		13ECFF582614A30200AD94D9 /* InputTextView.swift in Sources */ = {isa = PBXBuildFile; fileRef = 13ECFF572614A30200AD94D9 /* InputTextView.swift */; };
		13F1E522262C337D001D66A0 /* OnboardingController.swift in Sources */ = {isa = PBXBuildFile; fileRef = 13F1E521262C337C001D66A0 /* OnboardingController.swift */; };
		13F1E52B262C9926001D66A0 /* FullnameController.swift in Sources */ = {isa = PBXBuildFile; fileRef = 13F1E52A262C9926001D66A0 /* FullnameController.swift */; };
		13F1E533262CB0E5001D66A0 /* PhotoController.swift in Sources */ = {isa = PBXBuildFile; fileRef = 13F1E532262CB0E5001D66A0 /* PhotoController.swift */; };
		13F1E53B262CB6BF001D66A0 /* BioController.swift in Sources */ = {isa = PBXBuildFile; fileRef = 13F1E53A262CB6BF001D66A0 /* BioController.swift */; };
		13F1E545262D7447001D66A0 /* CreateRoomNameController.swift in Sources */ = {isa = PBXBuildFile; fileRef = 13F1E544262D7447001D66A0 /* CreateRoomNameController.swift */; };
		13F1E54D262D7457001D66A0 /* CreateRoomPhotoController.swift in Sources */ = {isa = PBXBuildFile; fileRef = 13F1E54C262D7457001D66A0 /* CreateRoomPhotoController.swift */; };
		13F42BC8264442C5004969C6 /* Chat.swift in Sources */ = {isa = PBXBuildFile; fileRef = 13F42BC7264442C5004969C6 /* Chat.swift */; };
		13F46661260255ED006649DA /* RoomViewModel.swift in Sources */ = {isa = PBXBuildFile; fileRef = 13F46660260255ED006649DA /* RoomViewModel.swift */; };
		13F466742602CDDF006649DA /* GroupService.swift in Sources */ = {isa = PBXBuildFile; fileRef = 13F466732602CDDF006649DA /* GroupService.swift */; };
		13F4667F2603752B006649DA /* ExperienceService.swift in Sources */ = {isa = PBXBuildFile; fileRef = 13F4667E2603752B006649DA /* ExperienceService.swift */; };
		13F4668A2603B589006649DA /* Experience.swift in Sources */ = {isa = PBXBuildFile; fileRef = 13F466892603B589006649DA /* Experience.swift */; };
		13F466922603B639006649DA /* Project.swift in Sources */ = {isa = PBXBuildFile; fileRef = 13F466912603B639006649DA /* Project.swift */; };
		13F4669A2603B710006649DA /* Hobbies.swift in Sources */ = {isa = PBXBuildFile; fileRef = 13F466992603B710006649DA /* Hobbies.swift */; };
		13F466A52603B71B006649DA /* SoftSkills.swift in Sources */ = {isa = PBXBuildFile; fileRef = 13F466A42603B71B006649DA /* SoftSkills.swift */; };
		13F466AD2603B72A006649DA /* HardSkills.swift in Sources */ = {isa = PBXBuildFile; fileRef = 13F466AC2603B72A006649DA /* HardSkills.swift */; };
		13F466B22603B9AC006649DA /* ExperienceViewModel.swift in Sources */ = {isa = PBXBuildFile; fileRef = 13F466B12603B9AC006649DA /* ExperienceViewModel.swift */; };
		13F466B72603BB14006649DA /* ProjectViewModel.swift in Sources */ = {isa = PBXBuildFile; fileRef = 13F466B62603BB14006649DA /* ProjectViewModel.swift */; };
		13F466BF2603C05B006649DA /* ProjectService.swift in Sources */ = {isa = PBXBuildFile; fileRef = 13F466BE2603C05B006649DA /* ProjectService.swift */; };
		13F84915262EF03400629931 /* CreateGroupNameController.swift in Sources */ = {isa = PBXBuildFile; fileRef = 13F84914262EF03400629931 /* CreateGroupNameController.swift */; };
		13F84920262EF04700629931 /* CreateGroupDescriptionController.swift in Sources */ = {isa = PBXBuildFile; fileRef = 13F8491F262EF04700629931 /* CreateGroupDescriptionController.swift */; };
		13F84931262EF08F00629931 /* CreateGroupPhotoController.swift in Sources */ = {isa = PBXBuildFile; fileRef = 13F84930262EF08F00629931 /* CreateGroupPhotoController.swift */; };
		3246D3235A15339234316320 /* Pods_ProjectBuddies.framework in Frameworks */ = {isa = PBXBuildFile; fileRef = 8DE6022BE12D54A2E111F2BF /* Pods_ProjectBuddies.framework */; };
		465BBFC4BD7186BC98D00F7A /* Pods_ProjectBuddiesTests.framework in Frameworks */ = {isa = PBXBuildFile; fileRef = 7623D42F4DDD288F213606C6 /* Pods_ProjectBuddiesTests.framework */; };
/* End PBXBuildFile section */

/* Begin PBXContainerItemProxy section */
		1397FD5525F3F5F700ED0439 /* PBXContainerItemProxy */ = {
			isa = PBXContainerItemProxy;
			containerPortal = 1397FD3625F3F5F600ED0439 /* Project object */;
			proxyType = 1;
			remoteGlobalIDString = 1397FD3D25F3F5F600ED0439;
			remoteInfo = ProjectBuddies;
		};
		1397FD6025F3F5F700ED0439 /* PBXContainerItemProxy */ = {
			isa = PBXContainerItemProxy;
			containerPortal = 1397FD3625F3F5F600ED0439 /* Project object */;
			proxyType = 1;
			remoteGlobalIDString = 1397FD3D25F3F5F600ED0439;
			remoteInfo = ProjectBuddies;
		};
/* End PBXContainerItemProxy section */

/* Begin PBXFileReference section */
		0B95F50EC2DBE5631D9446BC /* Pods_ProjectBuddies_ProjectBuddiesUITests.framework */ = {isa = PBXFileReference; explicitFileType = wrapper.framework; includeInIndex = 0; path = Pods_ProjectBuddies_ProjectBuddiesUITests.framework; sourceTree = BUILT_PRODUCTS_DIR; };
		130CB5A525F5B17B00C21F9C /* GoogleService-Info.plist */ = {isa = PBXFileReference; lastKnownFileType = text.plist; path = "GoogleService-Info.plist"; sourceTree = SOURCE_ROOT; };
		130CB5AF25F6380F00C21F9C /* ProfileHeader.swift */ = {isa = PBXFileReference; lastKnownFileType = sourcecode.swift; path = ProfileHeader.swift; sourceTree = "<group>"; };
		1315F81E260176CC0095D71E /* JoinRoomController.swift */ = {isa = PBXFileReference; lastKnownFileType = sourcecode.swift; path = JoinRoomController.swift; sourceTree = "<group>"; };
		1316CCE9260616CB0017D8B2 /* Notification.swift */ = {isa = PBXFileReference; lastKnownFileType = sourcecode.swift; path = Notification.swift; sourceTree = "<group>"; };
		1316CCF22606731E0017D8B2 /* GroupCell.swift */ = {isa = PBXFileReference; lastKnownFileType = sourcecode.swift; path = GroupCell.swift; sourceTree = "<group>"; };
		1316CCFA2606748B0017D8B2 /* GroupViewModel.swift */ = {isa = PBXFileReference; lastKnownFileType = sourcecode.swift; path = GroupViewModel.swift; sourceTree = "<group>"; };
		13211ED826205C4A00BBBAF6 /* CreateGroupMembersController.swift */ = {isa = PBXFileReference; lastKnownFileType = sourcecode.swift; path = CreateGroupMembersController.swift; sourceTree = "<group>"; };
		13211EDD26205E5D00BBBAF6 /* UserCell.swift */ = {isa = PBXFileReference; lastKnownFileType = sourcecode.swift; path = UserCell.swift; sourceTree = "<group>"; };
		13246E3626406D7E009EBD51 /* SignupEmailController.swift */ = {isa = PBXFileReference; lastKnownFileType = sourcecode.swift; path = SignupEmailController.swift; sourceTree = "<group>"; };
		13246E4126406D8E009EBD51 /* SignupPasswordController.swift */ = {isa = PBXFileReference; lastKnownFileType = sourcecode.swift; path = SignupPasswordController.swift; sourceTree = "<group>"; };
		132DE1172621B7B400B0E491 /* GroupDetailsHeader.swift */ = {isa = PBXFileReference; lastKnownFileType = sourcecode.swift; path = GroupDetailsHeader.swift; sourceTree = "<group>"; };
		133A349726307306000D2A74 /* CreateGroupTargetMembersController.swift */ = {isa = PBXFileReference; lastKnownFileType = sourcecode.swift; path = CreateGroupTargetMembersController.swift; sourceTree = "<group>"; };
		133A34AA2632F0ED000D2A74 /* EditProfileProjectNameController.swift */ = {isa = PBXFileReference; lastKnownFileType = sourcecode.swift; path = EditProfileProjectNameController.swift; sourceTree = "<group>"; };
		133A34B22632F18A000D2A74 /* EditProfileProjectDescriptionController.swift */ = {isa = PBXFileReference; lastKnownFileType = sourcecode.swift; path = EditProfileProjectDescriptionController.swift; sourceTree = "<group>"; };
		133A34B72632F207000D2A74 /* EditProfileProjectTechnologiesController.swift */ = {isa = PBXFileReference; lastKnownFileType = sourcecode.swift; path = EditProfileProjectTechnologiesController.swift; sourceTree = "<group>"; };
		133C52CD25F4E25A007858F9 /* Extensions.swift */ = {isa = PBXFileReference; lastKnownFileType = sourcecode.swift; path = Extensions.swift; sourceTree = "<group>"; };
		133C52D225F4E2C8007858F9 /* Constants.swift */ = {isa = PBXFileReference; lastKnownFileType = sourcecode.swift; path = Constants.swift; sourceTree = "<group>"; };
		133C52D725F4E415007858F9 /* RoomCell.swift */ = {isa = PBXFileReference; lastKnownFileType = sourcecode.swift; path = RoomCell.swift; sourceTree = "<group>"; };
		133C52DC25F4FB6E007858F9 /* TextField.swift */ = {isa = PBXFileReference; lastKnownFileType = sourcecode.swift; path = TextField.swift; sourceTree = "<group>"; };
		133C52E125F555CD007858F9 /* CustomTextField.swift */ = {isa = PBXFileReference; lastKnownFileType = sourcecode.swift; path = CustomTextField.swift; sourceTree = "<group>"; };
		133C52E625F56E09007858F9 /* EditProfileController.swift */ = {isa = PBXFileReference; lastKnownFileType = sourcecode.swift; path = EditProfileController.swift; sourceTree = "<group>"; };
		133C52EB25F56E83007858F9 /* SettingsController.swift */ = {isa = PBXFileReference; lastKnownFileType = sourcecode.swift; path = SettingsController.swift; sourceTree = "<group>"; };
		133C52F325F58393007858F9 /* CreateGroupController.swift */ = {isa = PBXFileReference; lastKnownFileType = sourcecode.swift; path = CreateGroupController.swift; sourceTree = "<group>"; };
		133C52FB25F583F4007858F9 /* GroupController.swift */ = {isa = PBXFileReference; lastKnownFileType = sourcecode.swift; path = GroupController.swift; sourceTree = "<group>"; };
		133C530025F59548007858F9 /* User.swift */ = {isa = PBXFileReference; lastKnownFileType = sourcecode.swift; path = User.swift; sourceTree = "<group>"; };
		133C530525F59E2B007858F9 /* SettingCell.swift */ = {isa = PBXFileReference; lastKnownFileType = sourcecode.swift; path = SettingCell.swift; sourceTree = "<group>"; };
		134ED2362669070C00D69C8B /* UpdateEditProfileExperienceController.swift */ = {isa = PBXFileReference; lastKnownFileType = sourcecode.swift; path = UpdateEditProfileExperienceController.swift; sourceTree = "<group>"; };
		134ED23A2669180D00D69C8B /* UpdateEditProfileProjectController.swift */ = {isa = PBXFileReference; lastKnownFileType = sourcecode.swift; path = UpdateEditProfileProjectController.swift; sourceTree = "<group>"; };
		134ED23D2669655800D69C8B /* ConversationViewModel.swift */ = {isa = PBXFileReference; lastKnownFileType = sourcecode.swift; path = ConversationViewModel.swift; sourceTree = "<group>"; };
		134ED23F266A2A6B00D69C8B /* NewConversationCell.swift */ = {isa = PBXFileReference; lastKnownFileType = sourcecode.swift; path = NewConversationCell.swift; sourceTree = "<group>"; };
		135FB18725F8FDB500A7AB15 /* ProfileExperienceCell.swift */ = {isa = PBXFileReference; lastKnownFileType = sourcecode.swift; path = ProfileExperienceCell.swift; sourceTree = "<group>"; };
		135FB18C25F8FDC400A7AB15 /* ProfileProjectCell.swift */ = {isa = PBXFileReference; lastKnownFileType = sourcecode.swift; path = ProfileProjectCell.swift; sourceTree = "<group>"; };
		135FB1A425F9222800A7AB15 /* ProfileEditPhotoCell.swift */ = {isa = PBXFileReference; lastKnownFileType = sourcecode.swift; path = ProfileEditPhotoCell.swift; sourceTree = "<group>"; };
		135FB1AC25F95CCE00A7AB15 /* AlertService.swift */ = {isa = PBXFileReference; lastKnownFileType = sourcecode.swift; path = AlertService.swift; sourceTree = "<group>"; };
		135FB1B125F99A7B00A7AB15 /* SpecifyEditProfileController.swift */ = {isa = PBXFileReference; lastKnownFileType = sourcecode.swift; path = SpecifyEditProfileController.swift; sourceTree = "<group>"; };
		1376390826077C2500CE3224 /* NotificationViewModel.swift */ = {isa = PBXFileReference; lastKnownFileType = sourcecode.swift; path = NotificationViewModel.swift; sourceTree = "<group>"; };
		139213712645957C00EC3277 /* Conversation.swift */ = {isa = PBXFileReference; lastKnownFileType = sourcecode.swift; path = Conversation.swift; sourceTree = "<group>"; };
		1393889826176DD400D5368C /* GroupDetailController.swift */ = {isa = PBXFileReference; lastKnownFileType = sourcecode.swift; path = GroupDetailController.swift; sourceTree = "<group>"; };
		1393889D26186E7F00D5368C /* NotificationService.swift */ = {isa = PBXFileReference; lastKnownFileType = sourcecode.swift; path = NotificationService.swift; sourceTree = "<group>"; };
		1397FD3E25F3F5F600ED0439 /* ProjectBuddies.app */ = {isa = PBXFileReference; explicitFileType = wrapper.application; includeInIndex = 0; path = ProjectBuddies.app; sourceTree = BUILT_PRODUCTS_DIR; };
		1397FD4125F3F5F600ED0439 /* AppDelegate.swift */ = {isa = PBXFileReference; lastKnownFileType = sourcecode.swift; path = AppDelegate.swift; sourceTree = "<group>"; };
		1397FD4325F3F5F600ED0439 /* SceneDelegate.swift */ = {isa = PBXFileReference; lastKnownFileType = sourcecode.swift; path = SceneDelegate.swift; sourceTree = "<group>"; };
		1397FD4A25F3F5F700ED0439 /* Assets.xcassets */ = {isa = PBXFileReference; lastKnownFileType = folder.assetcatalog; path = Assets.xcassets; sourceTree = "<group>"; };
		1397FD4D25F3F5F700ED0439 /* Base */ = {isa = PBXFileReference; lastKnownFileType = file.storyboard; name = Base; path = Base.lproj/LaunchScreen.storyboard; sourceTree = "<group>"; };
		1397FD4F25F3F5F700ED0439 /* Info.plist */ = {isa = PBXFileReference; lastKnownFileType = text.plist.xml; path = Info.plist; sourceTree = "<group>"; };
		1397FD5425F3F5F700ED0439 /* ProjectBuddiesTests.xctest */ = {isa = PBXFileReference; explicitFileType = wrapper.cfbundle; includeInIndex = 0; path = ProjectBuddiesTests.xctest; sourceTree = BUILT_PRODUCTS_DIR; };
		1397FD5825F3F5F700ED0439 /* ProjectBuddiesTests.swift */ = {isa = PBXFileReference; lastKnownFileType = sourcecode.swift; path = ProjectBuddiesTests.swift; sourceTree = "<group>"; };
		1397FD5A25F3F5F700ED0439 /* Info.plist */ = {isa = PBXFileReference; lastKnownFileType = text.plist.xml; path = Info.plist; sourceTree = "<group>"; };
		1397FD5F25F3F5F700ED0439 /* ProjectBuddiesUITests.xctest */ = {isa = PBXFileReference; explicitFileType = wrapper.cfbundle; includeInIndex = 0; path = ProjectBuddiesUITests.xctest; sourceTree = BUILT_PRODUCTS_DIR; };
		1397FD6325F3F5F700ED0439 /* ProjectBuddiesUITests.swift */ = {isa = PBXFileReference; lastKnownFileType = sourcecode.swift; path = ProjectBuddiesUITests.swift; sourceTree = "<group>"; };
		1397FD6525F3F5F700ED0439 /* Info.plist */ = {isa = PBXFileReference; lastKnownFileType = text.plist.xml; path = Info.plist; sourceTree = "<group>"; };
		1397FD7F25F3FCF600ED0439 /* MainTabBarController.swift */ = {isa = PBXFileReference; lastKnownFileType = sourcecode.swift; path = MainTabBarController.swift; sourceTree = "<group>"; };
		1397FD8725F3FD5A00ED0439 /* RoomsController.swift */ = {isa = PBXFileReference; lastKnownFileType = sourcecode.swift; path = RoomsController.swift; sourceTree = "<group>"; };
		1397FD8D25F3FDBD00ED0439 /* ProfileController.swift */ = {isa = PBXFileReference; lastKnownFileType = sourcecode.swift; path = ProfileController.swift; sourceTree = "<group>"; };
		1397FD9225F3FDDD00ED0439 /* NotificationController.swift */ = {isa = PBXFileReference; lastKnownFileType = sourcecode.swift; path = NotificationController.swift; sourceTree = "<group>"; };
		1397FDA325F406CD00ED0439 /* ConversationsController.swift */ = {isa = PBXFileReference; lastKnownFileType = sourcecode.swift; path = ConversationsController.swift; sourceTree = "<group>"; };
		1397FDA825F407AC00ED0439 /* RegistrationController.swift */ = {isa = PBXFileReference; lastKnownFileType = sourcecode.swift; path = RegistrationController.swift; sourceTree = "<group>"; };
		1397FDB025F407F200ED0439 /* LoginController.swift */ = {isa = PBXFileReference; lastKnownFileType = sourcecode.swift; path = LoginController.swift; sourceTree = "<group>"; };
		1397FDBB25F412F200ED0439 /* Room.swift */ = {isa = PBXFileReference; lastKnownFileType = sourcecode.swift; path = Room.swift; sourceTree = "<group>"; };
		1397FDC325F412FF00ED0439 /* Group.swift */ = {isa = PBXFileReference; lastKnownFileType = sourcecode.swift; path = Group.swift; sourceTree = "<group>"; };
		1397FDCD25F4131800ED0439 /* Message.swift */ = {isa = PBXFileReference; lastKnownFileType = sourcecode.swift; path = Message.swift; sourceTree = "<group>"; };
		139A5B2F2642BBB500DBC24F /* EditProfileExperienceTitleController.swift */ = {isa = PBXFileReference; lastKnownFileType = sourcecode.swift; path = EditProfileExperienceTitleController.swift; sourceTree = "<group>"; };
		139A5B312642BBC600DBC24F /* EditProfileExperienceCompanyController.swift */ = {isa = PBXFileReference; lastKnownFileType = sourcecode.swift; path = EditProfileExperienceCompanyController.swift; sourceTree = "<group>"; };
		139A5B332642BBD100DBC24F /* EditProfileExperienceDescriptionController.swift */ = {isa = PBXFileReference; lastKnownFileType = sourcecode.swift; path = EditProfileExperienceDescriptionController.swift; sourceTree = "<group>"; };
		13A0C6912613605100F05005 /* MemberCell.swift */ = {isa = PBXFileReference; lastKnownFileType = sourcecode.swift; path = MemberCell.swift; sourceTree = "<group>"; };
		13A0C69826136C4400F05005 /* LayoutBuilder.swift */ = {isa = PBXFileReference; lastKnownFileType = sourcecode.swift; path = LayoutBuilder.swift; sourceTree = "<group>"; };
		13B790A32640A2FE0089C8F5 /* LoginWithEmailController.swift */ = {isa = PBXFileReference; lastKnownFileType = sourcecode.swift; path = LoginWithEmailController.swift; sourceTree = "<group>"; };
		13B790A52641634D0089C8F5 /* ForgotPasswordController.swift */ = {isa = PBXFileReference; lastKnownFileType = sourcecode.swift; path = ForgotPasswordController.swift; sourceTree = "<group>"; };
		13B790A72641F1310089C8F5 /* CustomLabel.swift */ = {isa = PBXFileReference; lastKnownFileType = sourcecode.swift; path = CustomLabel.swift; sourceTree = "<group>"; };
		13B790AB2642B9BB0089C8F5 /* EditProfileExperienceController.swift */ = {isa = PBXFileReference; lastKnownFileType = sourcecode.swift; path = EditProfileExperienceController.swift; sourceTree = "<group>"; };
		13BC7C42263594700016FE56 /* NewConversationController.swift */ = {isa = PBXFileReference; lastKnownFileType = sourcecode.swift; path = NewConversationController.swift; sourceTree = "<group>"; };
		13BC7C482635B73D0016FE56 /* ChatController.swift */ = {isa = PBXFileReference; lastKnownFileType = sourcecode.swift; path = ChatController.swift; sourceTree = "<group>"; };
		13BC7C882635DD9C0016FE56 /* ConversationCell.swift */ = {isa = PBXFileReference; lastKnownFileType = sourcecode.swift; path = ConversationCell.swift; sourceTree = "<group>"; };
		13BC7C8D2636B3460016FE56 /* MesssageService.swift */ = {isa = PBXFileReference; lastKnownFileType = sourcecode.swift; path = MesssageService.swift; sourceTree = "<group>"; };
		13BC7C9226370BED0016FE56 /* CreateGroupMembersSelectionController.swift */ = {isa = PBXFileReference; lastKnownFileType = sourcecode.swift; path = CreateGroupMembersSelectionController.swift; sourceTree = "<group>"; };
		13C069AC25FFF63500A5D3DF /* CreateRoomController.swift */ = {isa = PBXFileReference; lastKnownFileType = sourcecode.swift; path = CreateRoomController.swift; sourceTree = "<group>"; };
		13C069BE260017B300A5D3DF /* RoomService.swift */ = {isa = PBXFileReference; lastKnownFileType = sourcecode.swift; path = RoomService.swift; sourceTree = "<group>"; };
		13C069C326001CDA00A5D3DF /* ImageUploader.swift */ = {isa = PBXFileReference; lastKnownFileType = sourcecode.swift; path = ImageUploader.swift; sourceTree = "<group>"; };
		13C069FF2600CABE00A5D3DF /* AuthService.swift */ = {isa = PBXFileReference; lastKnownFileType = sourcecode.swift; path = AuthService.swift; sourceTree = "<group>"; };
		13C06A072601354600A5D3DF /* UserService.swift */ = {isa = PBXFileReference; lastKnownFileType = sourcecode.swift; path = UserService.swift; sourceTree = "<group>"; };
		13C06A1026013D5600A5D3DF /* ProfileHeaderViewModel.swift */ = {isa = PBXFileReference; lastKnownFileType = sourcecode.swift; path = ProfileHeaderViewModel.swift; sourceTree = "<group>"; };
		13C06A382601525C00A5D3DF /* AuthenticationViewModel.swift */ = {isa = PBXFileReference; lastKnownFileType = sourcecode.swift; path = AuthenticationViewModel.swift; sourceTree = "<group>"; };
		13DE691B25FB7F560021C87A /* ProfileEditHeaderSection.swift */ = {isa = PBXFileReference; lastKnownFileType = sourcecode.swift; path = ProfileEditHeaderSection.swift; sourceTree = "<group>"; };
		13DE692025FB81D70021C87A /* ProfileEditExperienceCell.swift */ = {isa = PBXFileReference; lastKnownFileType = sourcecode.swift; path = ProfileEditExperienceCell.swift; sourceTree = "<group>"; };
		13DE692B25FB99270021C87A /* ProfileEditTextCell.swift */ = {isa = PBXFileReference; lastKnownFileType = sourcecode.swift; path = ProfileEditTextCell.swift; sourceTree = "<group>"; };
		13DE693625FB9B4F0021C87A /* ProfileEditProjectCell.swift */ = {isa = PBXFileReference; lastKnownFileType = sourcecode.swift; path = ProfileEditProjectCell.swift; sourceTree = "<group>"; };
		13DE693D25FB9EB10021C87A /* ProfileEditHeaderWithoutAdding.swift */ = {isa = PBXFileReference; lastKnownFileType = sourcecode.swift; path = ProfileEditHeaderWithoutAdding.swift; sourceTree = "<group>"; };
		13DE696925FBCB540021C87A /* EditProfileProjectController.swift */ = {isa = PBXFileReference; lastKnownFileType = sourcecode.swift; path = EditProfileProjectController.swift; sourceTree = "<group>"; };
		13EA8F872605078800B58E38 /* ProfileTextCell.swift */ = {isa = PBXFileReference; lastKnownFileType = sourcecode.swift; path = ProfileTextCell.swift; sourceTree = "<group>"; };
		13EA8F8C26050D0C00B58E38 /* ProfilePropertyHeader.swift */ = {isa = PBXFileReference; lastKnownFileType = sourcecode.swift; path = ProfilePropertyHeader.swift; sourceTree = "<group>"; };
		13EA8F91260567FB00B58E38 /* NotificationCell.swift */ = {isa = PBXFileReference; lastKnownFileType = sourcecode.swift; path = NotificationCell.swift; sourceTree = "<group>"; };
		13ECFF572614A30200AD94D9 /* InputTextView.swift */ = {isa = PBXFileReference; lastKnownFileType = sourcecode.swift; path = InputTextView.swift; sourceTree = "<group>"; };
		13F1E521262C337C001D66A0 /* OnboardingController.swift */ = {isa = PBXFileReference; lastKnownFileType = sourcecode.swift; path = OnboardingController.swift; sourceTree = "<group>"; };
		13F1E52A262C9926001D66A0 /* FullnameController.swift */ = {isa = PBXFileReference; lastKnownFileType = sourcecode.swift; path = FullnameController.swift; sourceTree = "<group>"; };
		13F1E532262CB0E5001D66A0 /* PhotoController.swift */ = {isa = PBXFileReference; lastKnownFileType = sourcecode.swift; path = PhotoController.swift; sourceTree = "<group>"; };
		13F1E53A262CB6BF001D66A0 /* BioController.swift */ = {isa = PBXFileReference; lastKnownFileType = sourcecode.swift; path = BioController.swift; sourceTree = "<group>"; };
		13F1E544262D7447001D66A0 /* CreateRoomNameController.swift */ = {isa = PBXFileReference; lastKnownFileType = sourcecode.swift; path = CreateRoomNameController.swift; sourceTree = "<group>"; };
		13F1E54C262D7457001D66A0 /* CreateRoomPhotoController.swift */ = {isa = PBXFileReference; lastKnownFileType = sourcecode.swift; path = CreateRoomPhotoController.swift; sourceTree = "<group>"; };
		13F42BC7264442C5004969C6 /* Chat.swift */ = {isa = PBXFileReference; lastKnownFileType = sourcecode.swift; path = Chat.swift; sourceTree = "<group>"; };
		13F46660260255ED006649DA /* RoomViewModel.swift */ = {isa = PBXFileReference; lastKnownFileType = sourcecode.swift; path = RoomViewModel.swift; sourceTree = "<group>"; };
		13F466732602CDDF006649DA /* GroupService.swift */ = {isa = PBXFileReference; lastKnownFileType = sourcecode.swift; path = GroupService.swift; sourceTree = "<group>"; };
		13F4667E2603752B006649DA /* ExperienceService.swift */ = {isa = PBXFileReference; lastKnownFileType = sourcecode.swift; path = ExperienceService.swift; sourceTree = "<group>"; };
		13F466892603B589006649DA /* Experience.swift */ = {isa = PBXFileReference; lastKnownFileType = sourcecode.swift; path = Experience.swift; sourceTree = "<group>"; };
		13F466912603B639006649DA /* Project.swift */ = {isa = PBXFileReference; lastKnownFileType = sourcecode.swift; path = Project.swift; sourceTree = "<group>"; };
		13F466992603B710006649DA /* Hobbies.swift */ = {isa = PBXFileReference; lastKnownFileType = sourcecode.swift; path = Hobbies.swift; sourceTree = "<group>"; };
		13F466A42603B71B006649DA /* SoftSkills.swift */ = {isa = PBXFileReference; lastKnownFileType = sourcecode.swift; path = SoftSkills.swift; sourceTree = "<group>"; };
		13F466AC2603B72A006649DA /* HardSkills.swift */ = {isa = PBXFileReference; lastKnownFileType = sourcecode.swift; path = HardSkills.swift; sourceTree = "<group>"; };
		13F466B12603B9AC006649DA /* ExperienceViewModel.swift */ = {isa = PBXFileReference; lastKnownFileType = sourcecode.swift; path = ExperienceViewModel.swift; sourceTree = "<group>"; };
		13F466B62603BB14006649DA /* ProjectViewModel.swift */ = {isa = PBXFileReference; lastKnownFileType = sourcecode.swift; path = ProjectViewModel.swift; sourceTree = "<group>"; };
		13F466BE2603C05B006649DA /* ProjectService.swift */ = {isa = PBXFileReference; lastKnownFileType = sourcecode.swift; path = ProjectService.swift; sourceTree = "<group>"; };
		13F84914262EF03400629931 /* CreateGroupNameController.swift */ = {isa = PBXFileReference; lastKnownFileType = sourcecode.swift; path = CreateGroupNameController.swift; sourceTree = "<group>"; };
		13F8491F262EF04700629931 /* CreateGroupDescriptionController.swift */ = {isa = PBXFileReference; lastKnownFileType = sourcecode.swift; path = CreateGroupDescriptionController.swift; sourceTree = "<group>"; };
		13F84930262EF08F00629931 /* CreateGroupPhotoController.swift */ = {isa = PBXFileReference; lastKnownFileType = sourcecode.swift; path = CreateGroupPhotoController.swift; sourceTree = "<group>"; };
		22D0814DF759F277AD6A5D93 /* Pods-ProjectBuddies-ProjectBuddiesUITests.debug.xcconfig */ = {isa = PBXFileReference; includeInIndex = 1; lastKnownFileType = text.xcconfig; name = "Pods-ProjectBuddies-ProjectBuddiesUITests.debug.xcconfig"; path = "Target Support Files/Pods-ProjectBuddies-ProjectBuddiesUITests/Pods-ProjectBuddies-ProjectBuddiesUITests.debug.xcconfig"; sourceTree = "<group>"; };
		246CA58AB4FF00F9C5283B08 /* Pods-ProjectBuddiesTests.debug.xcconfig */ = {isa = PBXFileReference; includeInIndex = 1; lastKnownFileType = text.xcconfig; name = "Pods-ProjectBuddiesTests.debug.xcconfig"; path = "Target Support Files/Pods-ProjectBuddiesTests/Pods-ProjectBuddiesTests.debug.xcconfig"; sourceTree = "<group>"; };
		72FAE74B2B193645A0F438B1 /* Pods-ProjectBuddiesTests.release.xcconfig */ = {isa = PBXFileReference; includeInIndex = 1; lastKnownFileType = text.xcconfig; name = "Pods-ProjectBuddiesTests.release.xcconfig"; path = "Target Support Files/Pods-ProjectBuddiesTests/Pods-ProjectBuddiesTests.release.xcconfig"; sourceTree = "<group>"; };
		7623D42F4DDD288F213606C6 /* Pods_ProjectBuddiesTests.framework */ = {isa = PBXFileReference; explicitFileType = wrapper.framework; includeInIndex = 0; path = Pods_ProjectBuddiesTests.framework; sourceTree = BUILT_PRODUCTS_DIR; };
		8DE6022BE12D54A2E111F2BF /* Pods_ProjectBuddies.framework */ = {isa = PBXFileReference; explicitFileType = wrapper.framework; includeInIndex = 0; path = Pods_ProjectBuddies.framework; sourceTree = BUILT_PRODUCTS_DIR; };
		A7EFB64EEE195FEE4C4D101A /* Pods-ProjectBuddies-ProjectBuddiesUITests.release.xcconfig */ = {isa = PBXFileReference; includeInIndex = 1; lastKnownFileType = text.xcconfig; name = "Pods-ProjectBuddies-ProjectBuddiesUITests.release.xcconfig"; path = "Target Support Files/Pods-ProjectBuddies-ProjectBuddiesUITests/Pods-ProjectBuddies-ProjectBuddiesUITests.release.xcconfig"; sourceTree = "<group>"; };
		BC4735493929909173A8EE4A /* Pods-ProjectBuddies.release.xcconfig */ = {isa = PBXFileReference; includeInIndex = 1; lastKnownFileType = text.xcconfig; name = "Pods-ProjectBuddies.release.xcconfig"; path = "Target Support Files/Pods-ProjectBuddies/Pods-ProjectBuddies.release.xcconfig"; sourceTree = "<group>"; };
		CF7338070138D38087B5D4DE /* Pods-ProjectBuddies.debug.xcconfig */ = {isa = PBXFileReference; includeInIndex = 1; lastKnownFileType = text.xcconfig; name = "Pods-ProjectBuddies.debug.xcconfig"; path = "Target Support Files/Pods-ProjectBuddies/Pods-ProjectBuddies.debug.xcconfig"; sourceTree = "<group>"; };
/* End PBXFileReference section */

/* Begin PBXFrameworksBuildPhase section */
		1397FD3B25F3F5F600ED0439 /* Frameworks */ = {
			isa = PBXFrameworksBuildPhase;
			buildActionMask = 2147483647;
			files = (
				3246D3235A15339234316320 /* Pods_ProjectBuddies.framework in Frameworks */,
			);
			runOnlyForDeploymentPostprocessing = 0;
		};
		1397FD5125F3F5F700ED0439 /* Frameworks */ = {
			isa = PBXFrameworksBuildPhase;
			buildActionMask = 2147483647;
			files = (
				465BBFC4BD7186BC98D00F7A /* Pods_ProjectBuddiesTests.framework in Frameworks */,
			);
			runOnlyForDeploymentPostprocessing = 0;
		};
		1397FD5C25F3F5F700ED0439 /* Frameworks */ = {
			isa = PBXFrameworksBuildPhase;
			buildActionMask = 2147483647;
			files = (
				07C32A9313C9B440650E5BD7 /* Pods_ProjectBuddies_ProjectBuddiesUITests.framework in Frameworks */,
			);
			runOnlyForDeploymentPostprocessing = 0;
		};
/* End PBXFrameworksBuildPhase section */

/* Begin PBXGroup section */
		1306E73C2604B7B600CEA813 /* Elements */ = {
			isa = PBXGroup;
			children = (
				133C52E125F555CD007858F9 /* CustomTextField.swift */,
				13B790A72641F1310089C8F5 /* CustomLabel.swift */,
				133C52DC25F4FB6E007858F9 /* TextField.swift */,
				13ECFF572614A30200AD94D9 /* InputTextView.swift */,
			);
			path = Elements;
			sourceTree = "<group>";
		};
		130CB5B425F63F0300C21F9C /* Profile */ = {
			isa = PBXGroup;
			children = (
				13DE694A25FBA5C30021C87A /* Headers */,
				13DE694B25FBA5D40021C87A /* Cells */,
			);
			path = Profile;
			sourceTree = "<group>";
		};
		1315F81A260171410095D71E /* Rooms */ = {
			isa = PBXGroup;
			children = (
				133C52D725F4E415007858F9 /* RoomCell.swift */,
			);
			path = Rooms;
			sourceTree = "<group>";
		};
		1316CCF12606730D0017D8B2 /* Groups */ = {
			isa = PBXGroup;
			children = (
				1316CCF22606731E0017D8B2 /* GroupCell.swift */,
				13A0C6912613605100F05005 /* MemberCell.swift */,
				13211EDD26205E5D00BBBAF6 /* UserCell.swift */,
				132DE1172621B7B400B0E491 /* GroupDetailsHeader.swift */,
			);
			path = Groups;
			sourceTree = "<group>";
		};
		13246E3526406D58009EBD51 /* EmailSignup */ = {
			isa = PBXGroup;
			children = (
				13246E3626406D7E009EBD51 /* SignupEmailController.swift */,
				13246E4126406D8E009EBD51 /* SignupPasswordController.swift */,
			);
			path = EmailSignup;
			sourceTree = "<group>";
		};
		133A34A82632F0A0000D2A74 /* EditProfileProject */ = {
			isa = PBXGroup;
			children = (
				134ED239266917E800D69C8B /* NewProject */,
				134ED238266917DE00D69C8B /* UpdateProject */,
			);
			path = EditProfileProject;
			sourceTree = "<group>";
		};
		134ED234266906DC00D69C8B /* NewExperience */ = {
			isa = PBXGroup;
			children = (
				139A5B2F2642BBB500DBC24F /* EditProfileExperienceTitleController.swift */,
				139A5B312642BBC600DBC24F /* EditProfileExperienceCompanyController.swift */,
				139A5B332642BBD100DBC24F /* EditProfileExperienceDescriptionController.swift */,
				13B790AB2642B9BB0089C8F5 /* EditProfileExperienceController.swift */,
			);
			path = NewExperience;
			sourceTree = "<group>";
		};
		134ED235266906F200D69C8B /* UpdateExperience */ = {
			isa = PBXGroup;
			children = (
				134ED2362669070C00D69C8B /* UpdateEditProfileExperienceController.swift */,
			);
			path = UpdateExperience;
			sourceTree = "<group>";
		};
		134ED238266917DE00D69C8B /* UpdateProject */ = {
			isa = PBXGroup;
			children = (
				134ED23A2669180D00D69C8B /* UpdateEditProfileProjectController.swift */,
			);
			path = UpdateProject;
			sourceTree = "<group>";
		};
		134ED239266917E800D69C8B /* NewProject */ = {
			isa = PBXGroup;
			children = (
				133A34AA2632F0ED000D2A74 /* EditProfileProjectNameController.swift */,
				133A34B22632F18A000D2A74 /* EditProfileProjectDescriptionController.swift */,
				133A34B72632F207000D2A74 /* EditProfileProjectTechnologiesController.swift */,
				13DE696925FBCB540021C87A /* EditProfileProjectController.swift */,
			);
			path = NewProject;
			sourceTree = "<group>";
		};
		134ED23C26693E9B00D69C8B /* EditProfileField */ = {
			isa = PBXGroup;
			children = (
				135FB1B125F99A7B00A7AB15 /* SpecifyEditProfileController.swift */,
			);
			path = EditProfileField;
			sourceTree = "<group>";
		};
		135FB19B25F90FE900A7AB15 /* EditProfile */ = {
			isa = PBXGroup;
			children = (
				13DE693C25FB9E570021C87A /* Cells */,
				13DE693B25FB9E4C0021C87A /* Headers */,
			);
			path = EditProfile;
			sourceTree = "<group>";
		};
		1397FD3525F3F5F600ED0439 = {
			isa = PBXGroup;
			children = (
				1397FD4025F3F5F600ED0439 /* ProjectBuddies */,
				1397FD5725F3F5F700ED0439 /* ProjectBuddiesTests */,
				1397FD6225F3F5F700ED0439 /* ProjectBuddiesUITests */,
				1397FD3F25F3F5F600ED0439 /* Products */,
				E504747DC7D5BDCC0C964210 /* Pods */,
				C9C9CF13C9ED6D41D1811E6D /* Frameworks */,
			);
			sourceTree = "<group>";
		};
		1397FD3F25F3F5F600ED0439 /* Products */ = {
			isa = PBXGroup;
			children = (
				1397FD3E25F3F5F600ED0439 /* ProjectBuddies.app */,
				1397FD5425F3F5F700ED0439 /* ProjectBuddiesTests.xctest */,
				1397FD5F25F3F5F700ED0439 /* ProjectBuddiesUITests.xctest */,
			);
			name = Products;
			sourceTree = "<group>";
		};
		1397FD4025F3F5F600ED0439 /* ProjectBuddies */ = {
			isa = PBXGroup;
			children = (
				13B790A92641F2A60089C8F5 /* ViewModel */,
				13F8EEEC25F7809A00A2FACF /* Resources */,
				13F8EEEB25F7808300A2FACF /* Interfaces */,
				1397FD7725F3FAAA00ED0439 /* Controller */,
				1397FD7525F3F92900ED0439 /* Model */,
				13C069B52600178900A5D3DF /* API */,
				1397FD7425F3F92400ED0439 /* View */,
				1397FD8C25F3FD8100ED0439 /* Utils */,
				1397FD4325F3F5F600ED0439 /* SceneDelegate.swift */,
				1397FD4125F3F5F600ED0439 /* AppDelegate.swift */,
				130CB5A525F5B17B00C21F9C /* GoogleService-Info.plist */,
				1397FD4F25F3F5F700ED0439 /* Info.plist */,
			);
			path = ProjectBuddies;
			sourceTree = "<group>";
		};
		1397FD5725F3F5F700ED0439 /* ProjectBuddiesTests */ = {
			isa = PBXGroup;
			children = (
				1397FD5825F3F5F700ED0439 /* ProjectBuddiesTests.swift */,
				1397FD5A25F3F5F700ED0439 /* Info.plist */,
			);
			path = ProjectBuddiesTests;
			sourceTree = "<group>";
		};
		1397FD6225F3F5F700ED0439 /* ProjectBuddiesUITests */ = {
			isa = PBXGroup;
			children = (
				1397FD6325F3F5F700ED0439 /* ProjectBuddiesUITests.swift */,
				1397FD6525F3F5F700ED0439 /* Info.plist */,
			);
			path = ProjectBuddiesUITests;
			sourceTree = "<group>";
		};
		1397FD7425F3F92400ED0439 /* View */ = {
			isa = PBXGroup;
			children = (
				13BC7C872635DD890016FE56 /* Messages */,
				1316CCF12606730D0017D8B2 /* Groups */,
				1315F81A260171410095D71E /* Rooms */,
				135FB19B25F90FE900A7AB15 /* EditProfile */,
				1306E73C2604B7B600CEA813 /* Elements */,
				130CB5B425F63F0300C21F9C /* Profile */,
				135FB1AC25F95CCE00A7AB15 /* AlertService.swift */,
				133C530525F59E2B007858F9 /* SettingCell.swift */,
				13EA8F91260567FB00B58E38 /* NotificationCell.swift */,
			);
			path = View;
			sourceTree = "<group>";
		};
		1397FD7525F3F92900ED0439 /* Model */ = {
			isa = PBXGroup;
			children = (
				133C530025F59548007858F9 /* User.swift */,
				1397FDBB25F412F200ED0439 /* Room.swift */,
				1397FDC325F412FF00ED0439 /* Group.swift */,
				13F466892603B589006649DA /* Experience.swift */,
				13F466912603B639006649DA /* Project.swift */,
				13F466992603B710006649DA /* Hobbies.swift */,
				13F466A42603B71B006649DA /* SoftSkills.swift */,
				13F466AC2603B72A006649DA /* HardSkills.swift */,
				1316CCE9260616CB0017D8B2 /* Notification.swift */,
				1397FDCD25F4131800ED0439 /* Message.swift */,
				13F42BC7264442C5004969C6 /* Chat.swift */,
				139213712645957C00EC3277 /* Conversation.swift */,
			);
			path = Model;
			sourceTree = "<group>";
		};
		1397FD7725F3FAAA00ED0439 /* Controller */ = {
			isa = PBXGroup;
			children = (
				1397FD7F25F3FCF600ED0439 /* MainTabBarController.swift */,
				13BC7C472635B7030016FE56 /* Messages */,
				1397FD7825F3FAB400ED0439 /* Authentication */,
				13C06A43260170B500A5D3DF /* Rooms */,
				13F4665C26024C9D006649DA /* Group */,
				13DE695525FBB9010021C87A /* EditProfile */,
				1397FD8D25F3FDBD00ED0439 /* ProfileController.swift */,
				133C52EB25F56E83007858F9 /* SettingsController.swift */,
				1397FD9225F3FDDD00ED0439 /* NotificationController.swift */,
				13F1E529262C9909001D66A0 /* Onboarding */,
			);
			path = Controller;
			sourceTree = "<group>";
		};
		1397FD7825F3FAB400ED0439 /* Authentication */ = {
			isa = PBXGroup;
			children = (
				1397FDA825F407AC00ED0439 /* RegistrationController.swift */,
				1397FDB025F407F200ED0439 /* LoginController.swift */,
				13B790A22640A2E10089C8F5 /* EmailLogin */,
				13246E3526406D58009EBD51 /* EmailSignup */,
			);
			path = Authentication;
			sourceTree = "<group>";
		};
		1397FD8C25F3FD8100ED0439 /* Utils */ = {
			isa = PBXGroup;
			children = (
				133C52CD25F4E25A007858F9 /* Extensions.swift */,
				133C52D225F4E2C8007858F9 /* Constants.swift */,
			);
			path = Utils;
			sourceTree = "<group>";
		};
		13A0C69726136C3200F05005 /* layout */ = {
			isa = PBXGroup;
			children = (
				13A0C69826136C4400F05005 /* LayoutBuilder.swift */,
			);
			path = layout;
			sourceTree = "<group>";
		};
		13B790A22640A2E10089C8F5 /* EmailLogin */ = {
			isa = PBXGroup;
			children = (
				13B790A32640A2FE0089C8F5 /* LoginWithEmailController.swift */,
				13B790A52641634D0089C8F5 /* ForgotPasswordController.swift */,
			);
			path = EmailLogin;
			sourceTree = "<group>";
		};
		13B790A92641F2A60089C8F5 /* ViewModel */ = {
			isa = PBXGroup;
			children = (
				13C06A1026013D5600A5D3DF /* ProfileHeaderViewModel.swift */,
				13F46660260255ED006649DA /* RoomViewModel.swift */,
				13C06A382601525C00A5D3DF /* AuthenticationViewModel.swift */,
				13F466B12603B9AC006649DA /* ExperienceViewModel.swift */,
				13F466B62603BB14006649DA /* ProjectViewModel.swift */,
				1316CCFA2606748B0017D8B2 /* GroupViewModel.swift */,
				1376390826077C2500CE3224 /* NotificationViewModel.swift */,
				134ED23D2669655800D69C8B /* ConversationViewModel.swift */,
			);
			path = ViewModel;
			sourceTree = "<group>";
		};
		13B790AA2642B9A30089C8F5 /* EditProfileExperience */ = {
			isa = PBXGroup;
			children = (
				134ED234266906DC00D69C8B /* NewExperience */,
				134ED235266906F200D69C8B /* UpdateExperience */,
			);
			path = EditProfileExperience;
			sourceTree = "<group>";
		};
		13BC7C472635B7030016FE56 /* Messages */ = {
			isa = PBXGroup;
			children = (
				13BC7C42263594700016FE56 /* NewConversationController.swift */,
				1397FDA325F406CD00ED0439 /* ConversationsController.swift */,
				13BC7C482635B73D0016FE56 /* ChatController.swift */,
			);
			path = Messages;
			sourceTree = "<group>";
		};
		13BC7C872635DD890016FE56 /* Messages */ = {
			isa = PBXGroup;
			children = (
				13BC7C882635DD9C0016FE56 /* ConversationCell.swift */,
				134ED23F266A2A6B00D69C8B /* NewConversationCell.swift */,
			);
			path = Messages;
			sourceTree = "<group>";
		};
		13C069B52600178900A5D3DF /* API */ = {
			isa = PBXGroup;
			children = (
				13C069FF2600CABE00A5D3DF /* AuthService.swift */,
				13C06A072601354600A5D3DF /* UserService.swift */,
				13C069BE260017B300A5D3DF /* RoomService.swift */,
				13F466732602CDDF006649DA /* GroupService.swift */,
				13F4667E2603752B006649DA /* ExperienceService.swift */,
				13F466BE2603C05B006649DA /* ProjectService.swift */,
				13C069C326001CDA00A5D3DF /* ImageUploader.swift */,
				1393889D26186E7F00D5368C /* NotificationService.swift */,
				13BC7C8D2636B3460016FE56 /* MesssageService.swift */,
			);
			path = API;
			sourceTree = "<group>";
		};
		13C06A43260170B500A5D3DF /* Rooms */ = {
			isa = PBXGroup;
			children = (
				13F1E53F262D72C2001D66A0 /* CreateRoom */,
				1397FD8725F3FD5A00ED0439 /* RoomsController.swift */,
				1315F81E260176CC0095D71E /* JoinRoomController.swift */,
			);
			path = Rooms;
			sourceTree = "<group>";
		};
		13DE693B25FB9E4C0021C87A /* Headers */ = {
			isa = PBXGroup;
			children = (
				13DE691B25FB7F560021C87A /* ProfileEditHeaderSection.swift */,
				13DE693D25FB9EB10021C87A /* ProfileEditHeaderWithoutAdding.swift */,
			);
			path = Headers;
			sourceTree = "<group>";
		};
		13DE693C25FB9E570021C87A /* Cells */ = {
			isa = PBXGroup;
			children = (
				135FB1A425F9222800A7AB15 /* ProfileEditPhotoCell.swift */,
				13DE692B25FB99270021C87A /* ProfileEditTextCell.swift */,
				13DE692025FB81D70021C87A /* ProfileEditExperienceCell.swift */,
				13DE693625FB9B4F0021C87A /* ProfileEditProjectCell.swift */,
			);
			path = Cells;
			sourceTree = "<group>";
		};
		13DE694A25FBA5C30021C87A /* Headers */ = {
			isa = PBXGroup;
			children = (
				130CB5AF25F6380F00C21F9C /* ProfileHeader.swift */,
				13EA8F8C26050D0C00B58E38 /* ProfilePropertyHeader.swift */,
			);
			path = Headers;
			sourceTree = "<group>";
		};
		13DE694B25FBA5D40021C87A /* Cells */ = {
			isa = PBXGroup;
			children = (
				135FB18725F8FDB500A7AB15 /* ProfileExperienceCell.swift */,
				135FB18C25F8FDC400A7AB15 /* ProfileProjectCell.swift */,
				13EA8F872605078800B58E38 /* ProfileTextCell.swift */,
			);
			path = Cells;
			sourceTree = "<group>";
		};
		13DE695525FBB9010021C87A /* EditProfile */ = {
			isa = PBXGroup;
			children = (
				134ED23C26693E9B00D69C8B /* EditProfileField */,
				13B790AA2642B9A30089C8F5 /* EditProfileExperience */,
				133A34A82632F0A0000D2A74 /* EditProfileProject */,
				133C52E625F56E09007858F9 /* EditProfileController.swift */,
			);
			path = EditProfile;
			sourceTree = "<group>";
		};
		13F1E529262C9909001D66A0 /* Onboarding */ = {
			isa = PBXGroup;
			children = (
				13F1E521262C337C001D66A0 /* OnboardingController.swift */,
				13F1E52A262C9926001D66A0 /* FullnameController.swift */,
				13F1E532262CB0E5001D66A0 /* PhotoController.swift */,
				13F1E53A262CB6BF001D66A0 /* BioController.swift */,
			);
			path = Onboarding;
			sourceTree = "<group>";
		};
		13F1E53F262D72C2001D66A0 /* CreateRoom */ = {
			isa = PBXGroup;
			children = (
				13F1E544262D7447001D66A0 /* CreateRoomNameController.swift */,
				13F1E54C262D7457001D66A0 /* CreateRoomPhotoController.swift */,
				13C069AC25FFF63500A5D3DF /* CreateRoomController.swift */,
			);
			path = CreateRoom;
			sourceTree = "<group>";
		};
		13F4665C26024C9D006649DA /* Group */ = {
			isa = PBXGroup;
			children = (
				13F84913262EEFC900629931 /* CreateGroup */,
				13A0C69726136C3200F05005 /* layout */,
				133C52FB25F583F4007858F9 /* GroupController.swift */,
				1393889826176DD400D5368C /* GroupDetailController.swift */,
			);
			path = Group;
			sourceTree = "<group>";
		};
		13F84913262EEFC900629931 /* CreateGroup */ = {
			isa = PBXGroup;
			children = (
				13F84914262EF03400629931 /* CreateGroupNameController.swift */,
				13F8491F262EF04700629931 /* CreateGroupDescriptionController.swift */,
				133A349726307306000D2A74 /* CreateGroupTargetMembersController.swift */,
				13211ED826205C4A00BBBAF6 /* CreateGroupMembersController.swift */,
				13BC7C9226370BED0016FE56 /* CreateGroupMembersSelectionController.swift */,
				13F84930262EF08F00629931 /* CreateGroupPhotoController.swift */,
				133C52F325F58393007858F9 /* CreateGroupController.swift */,
			);
			path = CreateGroup;
			sourceTree = "<group>";
		};
		13F8EEEB25F7808300A2FACF /* Interfaces */ = {
			isa = PBXGroup;
			children = (
				1397FD4C25F3F5F700ED0439 /* LaunchScreen.storyboard */,
			);
			path = Interfaces;
			sourceTree = "<group>";
		};
		13F8EEEC25F7809A00A2FACF /* Resources */ = {
			isa = PBXGroup;
			children = (
				1397FD4A25F3F5F700ED0439 /* Assets.xcassets */,
			);
			path = Resources;
			sourceTree = "<group>";
		};
		C9C9CF13C9ED6D41D1811E6D /* Frameworks */ = {
			isa = PBXGroup;
			children = (
				8DE6022BE12D54A2E111F2BF /* Pods_ProjectBuddies.framework */,
				0B95F50EC2DBE5631D9446BC /* Pods_ProjectBuddies_ProjectBuddiesUITests.framework */,
				7623D42F4DDD288F213606C6 /* Pods_ProjectBuddiesTests.framework */,
			);
			name = Frameworks;
			sourceTree = "<group>";
		};
		E504747DC7D5BDCC0C964210 /* Pods */ = {
			isa = PBXGroup;
			children = (
				CF7338070138D38087B5D4DE /* Pods-ProjectBuddies.debug.xcconfig */,
				BC4735493929909173A8EE4A /* Pods-ProjectBuddies.release.xcconfig */,
				22D0814DF759F277AD6A5D93 /* Pods-ProjectBuddies-ProjectBuddiesUITests.debug.xcconfig */,
				A7EFB64EEE195FEE4C4D101A /* Pods-ProjectBuddies-ProjectBuddiesUITests.release.xcconfig */,
				246CA58AB4FF00F9C5283B08 /* Pods-ProjectBuddiesTests.debug.xcconfig */,
				72FAE74B2B193645A0F438B1 /* Pods-ProjectBuddiesTests.release.xcconfig */,
			);
			path = Pods;
			sourceTree = "<group>";
		};
/* End PBXGroup section */

/* Begin PBXNativeTarget section */
		1397FD3D25F3F5F600ED0439 /* ProjectBuddies */ = {
			isa = PBXNativeTarget;
			buildConfigurationList = 1397FD6825F3F5F800ED0439 /* Build configuration list for PBXNativeTarget "ProjectBuddies" */;
			buildPhases = (
				D5EE6ADB3EE13A35CBD17E28 /* [CP] Check Pods Manifest.lock */,
				1397FD3A25F3F5F600ED0439 /* Sources */,
				1397FD3B25F3F5F600ED0439 /* Frameworks */,
				1397FD3C25F3F5F600ED0439 /* Resources */,
				028775953016BE71747D6361 /* [CP] Embed Pods Frameworks */,
				ADCFD62D45E67FB3CFEDAC37 /* [CP] Copy Pods Resources */,
			);
			buildRules = (
			);
			dependencies = (
			);
			name = ProjectBuddies;
			productName = ProjectBuddies;
			productReference = 1397FD3E25F3F5F600ED0439 /* ProjectBuddies.app */;
			productType = "com.apple.product-type.application";
		};
		1397FD5325F3F5F700ED0439 /* ProjectBuddiesTests */ = {
			isa = PBXNativeTarget;
			buildConfigurationList = 1397FD6B25F3F5F800ED0439 /* Build configuration list for PBXNativeTarget "ProjectBuddiesTests" */;
			buildPhases = (
				5C22C2756A0BF2BF5DFC10D1 /* [CP] Check Pods Manifest.lock */,
				1397FD5025F3F5F700ED0439 /* Sources */,
				1397FD5125F3F5F700ED0439 /* Frameworks */,
				1397FD5225F3F5F700ED0439 /* Resources */,
			);
			buildRules = (
			);
			dependencies = (
				1397FD5625F3F5F700ED0439 /* PBXTargetDependency */,
			);
			name = ProjectBuddiesTests;
			productName = ProjectBuddiesTests;
			productReference = 1397FD5425F3F5F700ED0439 /* ProjectBuddiesTests.xctest */;
			productType = "com.apple.product-type.bundle.unit-test";
		};
		1397FD5E25F3F5F700ED0439 /* ProjectBuddiesUITests */ = {
			isa = PBXNativeTarget;
			buildConfigurationList = 1397FD6E25F3F5F800ED0439 /* Build configuration list for PBXNativeTarget "ProjectBuddiesUITests" */;
			buildPhases = (
				C57D31FA1FDCBF4C47FCF4D8 /* [CP] Check Pods Manifest.lock */,
				1397FD5B25F3F5F700ED0439 /* Sources */,
				1397FD5C25F3F5F700ED0439 /* Frameworks */,
				1397FD5D25F3F5F700ED0439 /* Resources */,
				623A38485371A9FF0590B122 /* [CP] Embed Pods Frameworks */,
				92C959F2DC9EF0F3D81A24A3 /* [CP] Copy Pods Resources */,
			);
			buildRules = (
			);
			dependencies = (
				1397FD6125F3F5F700ED0439 /* PBXTargetDependency */,
			);
			name = ProjectBuddiesUITests;
			productName = ProjectBuddiesUITests;
			productReference = 1397FD5F25F3F5F700ED0439 /* ProjectBuddiesUITests.xctest */;
			productType = "com.apple.product-type.bundle.ui-testing";
		};
/* End PBXNativeTarget section */

/* Begin PBXProject section */
		1397FD3625F3F5F600ED0439 /* Project object */ = {
			isa = PBXProject;
			attributes = {
				LastSwiftUpdateCheck = 1240;
				LastUpgradeCheck = 1240;
				TargetAttributes = {
					1397FD3D25F3F5F600ED0439 = {
						CreatedOnToolsVersion = 12.4;
					};
					1397FD5325F3F5F700ED0439 = {
						CreatedOnToolsVersion = 12.4;
						TestTargetID = 1397FD3D25F3F5F600ED0439;
					};
					1397FD5E25F3F5F700ED0439 = {
						CreatedOnToolsVersion = 12.4;
						TestTargetID = 1397FD3D25F3F5F600ED0439;
					};
				};
			};
			buildConfigurationList = 1397FD3925F3F5F600ED0439 /* Build configuration list for PBXProject "ProjectBuddies" */;
			compatibilityVersion = "Xcode 9.3";
			developmentRegion = en;
			hasScannedForEncodings = 0;
			knownRegions = (
				en,
				Base,
			);
			mainGroup = 1397FD3525F3F5F600ED0439;
			productRefGroup = 1397FD3F25F3F5F600ED0439 /* Products */;
			projectDirPath = "";
			projectRoot = "";
			targets = (
				1397FD3D25F3F5F600ED0439 /* ProjectBuddies */,
				1397FD5325F3F5F700ED0439 /* ProjectBuddiesTests */,
				1397FD5E25F3F5F700ED0439 /* ProjectBuddiesUITests */,
			);
		};
/* End PBXProject section */

/* Begin PBXResourcesBuildPhase section */
		1397FD3C25F3F5F600ED0439 /* Resources */ = {
			isa = PBXResourcesBuildPhase;
			buildActionMask = 2147483647;
			files = (
				1397FD4E25F3F5F700ED0439 /* LaunchScreen.storyboard in Resources */,
				1397FD4B25F3F5F700ED0439 /* Assets.xcassets in Resources */,
				130CB5A625F5B17B00C21F9C /* GoogleService-Info.plist in Resources */,
			);
			runOnlyForDeploymentPostprocessing = 0;
		};
		1397FD5225F3F5F700ED0439 /* Resources */ = {
			isa = PBXResourcesBuildPhase;
			buildActionMask = 2147483647;
			files = (
			);
			runOnlyForDeploymentPostprocessing = 0;
		};
		1397FD5D25F3F5F700ED0439 /* Resources */ = {
			isa = PBXResourcesBuildPhase;
			buildActionMask = 2147483647;
			files = (
			);
			runOnlyForDeploymentPostprocessing = 0;
		};
/* End PBXResourcesBuildPhase section */

/* Begin PBXShellScriptBuildPhase section */
		028775953016BE71747D6361 /* [CP] Embed Pods Frameworks */ = {
			isa = PBXShellScriptBuildPhase;
			buildActionMask = 2147483647;
			files = (
			);
			inputFileListPaths = (
				"${PODS_ROOT}/Target Support Files/Pods-ProjectBuddies/Pods-ProjectBuddies-frameworks-${CONFIGURATION}-input-files.xcfilelist",
			);
			name = "[CP] Embed Pods Frameworks";
			outputFileListPaths = (
				"${PODS_ROOT}/Target Support Files/Pods-ProjectBuddies/Pods-ProjectBuddies-frameworks-${CONFIGURATION}-output-files.xcfilelist",
			);
			runOnlyForDeploymentPostprocessing = 0;
			shellPath = /bin/sh;
			shellScript = "\"${PODS_ROOT}/Target Support Files/Pods-ProjectBuddies/Pods-ProjectBuddies-frameworks.sh\"\n";
			showEnvVarsInLog = 0;
		};
		5C22C2756A0BF2BF5DFC10D1 /* [CP] Check Pods Manifest.lock */ = {
			isa = PBXShellScriptBuildPhase;
			buildActionMask = 2147483647;
			files = (
			);
			inputFileListPaths = (
			);
			inputPaths = (
				"${PODS_PODFILE_DIR_PATH}/Podfile.lock",
				"${PODS_ROOT}/Manifest.lock",
			);
			name = "[CP] Check Pods Manifest.lock";
			outputFileListPaths = (
			);
			outputPaths = (
				"$(DERIVED_FILE_DIR)/Pods-ProjectBuddiesTests-checkManifestLockResult.txt",
			);
			runOnlyForDeploymentPostprocessing = 0;
			shellPath = /bin/sh;
			shellScript = "diff \"${PODS_PODFILE_DIR_PATH}/Podfile.lock\" \"${PODS_ROOT}/Manifest.lock\" > /dev/null\nif [ $? != 0 ] ; then\n    # print error to STDERR\n    echo \"error: The sandbox is not in sync with the Podfile.lock. Run 'pod install' or update your CocoaPods installation.\" >&2\n    exit 1\nfi\n# This output is used by Xcode 'outputs' to avoid re-running this script phase.\necho \"SUCCESS\" > \"${SCRIPT_OUTPUT_FILE_0}\"\n";
			showEnvVarsInLog = 0;
		};
		623A38485371A9FF0590B122 /* [CP] Embed Pods Frameworks */ = {
			isa = PBXShellScriptBuildPhase;
			buildActionMask = 2147483647;
			files = (
			);
			inputFileListPaths = (
				"${PODS_ROOT}/Target Support Files/Pods-ProjectBuddies-ProjectBuddiesUITests/Pods-ProjectBuddies-ProjectBuddiesUITests-frameworks-${CONFIGURATION}-input-files.xcfilelist",
			);
			name = "[CP] Embed Pods Frameworks";
			outputFileListPaths = (
				"${PODS_ROOT}/Target Support Files/Pods-ProjectBuddies-ProjectBuddiesUITests/Pods-ProjectBuddies-ProjectBuddiesUITests-frameworks-${CONFIGURATION}-output-files.xcfilelist",
			);
			runOnlyForDeploymentPostprocessing = 0;
			shellPath = /bin/sh;
			shellScript = "\"${PODS_ROOT}/Target Support Files/Pods-ProjectBuddies-ProjectBuddiesUITests/Pods-ProjectBuddies-ProjectBuddiesUITests-frameworks.sh\"\n";
			showEnvVarsInLog = 0;
		};
		92C959F2DC9EF0F3D81A24A3 /* [CP] Copy Pods Resources */ = {
			isa = PBXShellScriptBuildPhase;
			buildActionMask = 2147483647;
			files = (
			);
			inputFileListPaths = (
				"${PODS_ROOT}/Target Support Files/Pods-ProjectBuddies-ProjectBuddiesUITests/Pods-ProjectBuddies-ProjectBuddiesUITests-resources-${CONFIGURATION}-input-files.xcfilelist",
			);
			name = "[CP] Copy Pods Resources";
			outputFileListPaths = (
				"${PODS_ROOT}/Target Support Files/Pods-ProjectBuddies-ProjectBuddiesUITests/Pods-ProjectBuddies-ProjectBuddiesUITests-resources-${CONFIGURATION}-output-files.xcfilelist",
			);
			runOnlyForDeploymentPostprocessing = 0;
			shellPath = /bin/sh;
			shellScript = "\"${PODS_ROOT}/Target Support Files/Pods-ProjectBuddies-ProjectBuddiesUITests/Pods-ProjectBuddies-ProjectBuddiesUITests-resources.sh\"\n";
			showEnvVarsInLog = 0;
		};
		ADCFD62D45E67FB3CFEDAC37 /* [CP] Copy Pods Resources */ = {
			isa = PBXShellScriptBuildPhase;
			buildActionMask = 2147483647;
			files = (
			);
			inputFileListPaths = (
				"${PODS_ROOT}/Target Support Files/Pods-ProjectBuddies/Pods-ProjectBuddies-resources-${CONFIGURATION}-input-files.xcfilelist",
			);
			name = "[CP] Copy Pods Resources";
			outputFileListPaths = (
				"${PODS_ROOT}/Target Support Files/Pods-ProjectBuddies/Pods-ProjectBuddies-resources-${CONFIGURATION}-output-files.xcfilelist",
			);
			runOnlyForDeploymentPostprocessing = 0;
			shellPath = /bin/sh;
			shellScript = "\"${PODS_ROOT}/Target Support Files/Pods-ProjectBuddies/Pods-ProjectBuddies-resources.sh\"\n";
			showEnvVarsInLog = 0;
		};
		C57D31FA1FDCBF4C47FCF4D8 /* [CP] Check Pods Manifest.lock */ = {
			isa = PBXShellScriptBuildPhase;
			buildActionMask = 2147483647;
			files = (
			);
			inputFileListPaths = (
			);
			inputPaths = (
				"${PODS_PODFILE_DIR_PATH}/Podfile.lock",
				"${PODS_ROOT}/Manifest.lock",
			);
			name = "[CP] Check Pods Manifest.lock";
			outputFileListPaths = (
			);
			outputPaths = (
				"$(DERIVED_FILE_DIR)/Pods-ProjectBuddies-ProjectBuddiesUITests-checkManifestLockResult.txt",
			);
			runOnlyForDeploymentPostprocessing = 0;
			shellPath = /bin/sh;
			shellScript = "diff \"${PODS_PODFILE_DIR_PATH}/Podfile.lock\" \"${PODS_ROOT}/Manifest.lock\" > /dev/null\nif [ $? != 0 ] ; then\n    # print error to STDERR\n    echo \"error: The sandbox is not in sync with the Podfile.lock. Run 'pod install' or update your CocoaPods installation.\" >&2\n    exit 1\nfi\n# This output is used by Xcode 'outputs' to avoid re-running this script phase.\necho \"SUCCESS\" > \"${SCRIPT_OUTPUT_FILE_0}\"\n";
			showEnvVarsInLog = 0;
		};
		D5EE6ADB3EE13A35CBD17E28 /* [CP] Check Pods Manifest.lock */ = {
			isa = PBXShellScriptBuildPhase;
			buildActionMask = 2147483647;
			files = (
			);
			inputFileListPaths = (
			);
			inputPaths = (
				"${PODS_PODFILE_DIR_PATH}/Podfile.lock",
				"${PODS_ROOT}/Manifest.lock",
			);
			name = "[CP] Check Pods Manifest.lock";
			outputFileListPaths = (
			);
			outputPaths = (
				"$(DERIVED_FILE_DIR)/Pods-ProjectBuddies-checkManifestLockResult.txt",
			);
			runOnlyForDeploymentPostprocessing = 0;
			shellPath = /bin/sh;
			shellScript = "diff \"${PODS_PODFILE_DIR_PATH}/Podfile.lock\" \"${PODS_ROOT}/Manifest.lock\" > /dev/null\nif [ $? != 0 ] ; then\n    # print error to STDERR\n    echo \"error: The sandbox is not in sync with the Podfile.lock. Run 'pod install' or update your CocoaPods installation.\" >&2\n    exit 1\nfi\n# This output is used by Xcode 'outputs' to avoid re-running this script phase.\necho \"SUCCESS\" > \"${SCRIPT_OUTPUT_FILE_0}\"\n";
			showEnvVarsInLog = 0;
		};
/* End PBXShellScriptBuildPhase section */

/* Begin PBXSourcesBuildPhase section */
		1397FD3A25F3F5F600ED0439 /* Sources */ = {
			isa = PBXSourcesBuildPhase;
			buildActionMask = 2147483647;
			files = (
				135FB18D25F8FDC400A7AB15 /* ProfileProjectCell.swift in Sources */,
				134ED2372669070C00D69C8B /* UpdateEditProfileExperienceController.swift in Sources */,
				13A0C69926136C4400F05005 /* LayoutBuilder.swift in Sources */,
				13F46661260255ED006649DA /* RoomViewModel.swift in Sources */,
				13F1E522262C337D001D66A0 /* OnboardingController.swift in Sources */,
				13F84931262EF08F00629931 /* CreateGroupPhotoController.swift in Sources */,
				13F1E53B262CB6BF001D66A0 /* BioController.swift in Sources */,
				13DE693725FB9B4F0021C87A /* ProfileEditProjectCell.swift in Sources */,
				13A0C6922613605100F05005 /* MemberCell.swift in Sources */,
				139A5B302642BBB500DBC24F /* EditProfileExperienceTitleController.swift in Sources */,
				13EA8F8D26050D0C00B58E38 /* ProfilePropertyHeader.swift in Sources */,
				133A349826307306000D2A74 /* CreateGroupTargetMembersController.swift in Sources */,
				13F4668A2603B589006649DA /* Experience.swift in Sources */,
				1397FDC425F412FF00ED0439 /* Group.swift in Sources */,
				13F466BF2603C05B006649DA /* ProjectService.swift in Sources */,
				13BC7C43263594700016FE56 /* NewConversationController.swift in Sources */,
				13DE692C25FB99270021C87A /* ProfileEditTextCell.swift in Sources */,
				13B790AC2642B9BB0089C8F5 /* EditProfileExperienceController.swift in Sources */,
				13F4669A2603B710006649DA /* Hobbies.swift in Sources */,
				13211EDE26205E5D00BBBAF6 /* UserCell.swift in Sources */,
				139A5B342642BBD100DBC24F /* EditProfileExperienceDescriptionController.swift in Sources */,
				13246E3726406D7E009EBD51 /* SignupEmailController.swift in Sources */,
				13BC7C8E2636B3460016FE56 /* MesssageService.swift in Sources */,
				13EA8F92260567FB00B58E38 /* NotificationCell.swift in Sources */,
				1393889926176DD400D5368C /* GroupDetailController.swift in Sources */,
				13211ED926205C4A00BBBAF6 /* CreateGroupMembersController.swift in Sources */,
				133C52E225F555CD007858F9 /* CustomTextField.swift in Sources */,
				13F42BC8264442C5004969C6 /* Chat.swift in Sources */,
				133C530625F59E2B007858F9 /* SettingCell.swift in Sources */,
				1316CCF32606731E0017D8B2 /* GroupCell.swift in Sources */,
				13F1E533262CB0E5001D66A0 /* PhotoController.swift in Sources */,
				133C52F425F58393007858F9 /* CreateGroupController.swift in Sources */,
				13DE696A25FBCB540021C87A /* EditProfileProjectController.swift in Sources */,
				1315F81F260176CC0095D71E /* JoinRoomController.swift in Sources */,
				13F466B22603B9AC006649DA /* ExperienceViewModel.swift in Sources */,
				13F1E54D262D7457001D66A0 /* CreateRoomPhotoController.swift in Sources */,
				139A5B322642BBC600DBC24F /* EditProfileExperienceCompanyController.swift in Sources */,
				13DE691C25FB7F560021C87A /* ProfileEditHeaderSection.swift in Sources */,
				1397FD8E25F3FDBD00ED0439 /* ProfileController.swift in Sources */,
				1397FD4225F3F5F600ED0439 /* AppDelegate.swift in Sources */,
				13C06A1126013D5600A5D3DF /* ProfileHeaderViewModel.swift in Sources */,
				1397FD9325F3FDDD00ED0439 /* NotificationController.swift in Sources */,
				133C52EC25F56E83007858F9 /* SettingsController.swift in Sources */,
				13C06A002600CABE00A5D3DF /* AuthService.swift in Sources */,
				13246E4226406D8E009EBD51 /* SignupPasswordController.swift in Sources */,
				133C52D325F4E2C8007858F9 /* Constants.swift in Sources */,
				133C52E725F56E09007858F9 /* EditProfileController.swift in Sources */,
				133C52D825F4E415007858F9 /* RoomCell.swift in Sources */,
				133C52FC25F583F4007858F9 /* GroupController.swift in Sources */,
				1397FD8825F3FD5A00ED0439 /* RoomsController.swift in Sources */,
				13F84920262EF04700629931 /* CreateGroupDescriptionController.swift in Sources */,
				13F466A52603B71B006649DA /* SoftSkills.swift in Sources */,
				133C52DD25F4FB6E007858F9 /* TextField.swift in Sources */,
				13F4667F2603752B006649DA /* ExperienceService.swift in Sources */,
				1397FDBC25F412F200ED0439 /* Room.swift in Sources */,
				13C069BF260017B300A5D3DF /* RoomService.swift in Sources */,
				1397FD8025F3FCF600ED0439 /* MainTabBarController.swift in Sources */,
				13F1E545262D7447001D66A0 /* CreateRoomNameController.swift in Sources */,
				1397FD4425F3F5F600ED0439 /* SceneDelegate.swift in Sources */,
				13C069C426001CDA00A5D3DF /* ImageUploader.swift in Sources */,
				135FB1AD25F95CCE00A7AB15 /* AlertService.swift in Sources */,
				13F84915262EF03400629931 /* CreateGroupNameController.swift in Sources */,
				13B790A62641634D0089C8F5 /* ForgotPasswordController.swift in Sources */,
				132DE1182621B7B400B0E491 /* GroupDetailsHeader.swift in Sources */,
				134ED23B2669180D00D69C8B /* UpdateEditProfileProjectController.swift in Sources */,
				13DE693E25FB9EB10021C87A /* ProfileEditHeaderWithoutAdding.swift in Sources */,
				134ED23E2669655800D69C8B /* ConversationViewModel.swift in Sources */,
				134ED240266A2A6B00D69C8B /* NewConversationCell.swift in Sources */,
				13B790A42640A2FE0089C8F5 /* LoginWithEmailController.swift in Sources */,
				133A34AB2632F0ED000D2A74 /* EditProfileProjectNameController.swift in Sources */,
				13F466B72603BB14006649DA /* ProjectViewModel.swift in Sources */,
				135FB1A525F9222800A7AB15 /* ProfileEditPhotoCell.swift in Sources */,
				13F466AD2603B72A006649DA /* HardSkills.swift in Sources */,
				13F466742602CDDF006649DA /* GroupService.swift in Sources */,
				13BC7C892635DD9C0016FE56 /* ConversationCell.swift in Sources */,
				135FB18825F8FDB500A7AB15 /* ProfileExperienceCell.swift in Sources */,
				13F1E52B262C9926001D66A0 /* FullnameController.swift in Sources */,
				13C06A392601525C00A5D3DF /* AuthenticationViewModel.swift in Sources */,
				13C06A082601354600A5D3DF /* UserService.swift in Sources */,
				130CB5B025F6380F00C21F9C /* ProfileHeader.swift in Sources */,
				1397FDCE25F4131800ED0439 /* Message.swift in Sources */,
				1397FDA425F406CD00ED0439 /* ConversationsController.swift in Sources */,
				133A34B32632F18A000D2A74 /* EditProfileProjectDescriptionController.swift in Sources */,
				1397FDA925F407AC00ED0439 /* RegistrationController.swift in Sources */,
				13F466922603B639006649DA /* Project.swift in Sources */,
				133A34B82632F207000D2A74 /* EditProfileProjectTechnologiesController.swift in Sources */,
				13C069AD25FFF63500A5D3DF /* CreateRoomController.swift in Sources */,
				13B790A82641F1310089C8F5 /* CustomLabel.swift in Sources */,
				1397FDB125F407F200ED0439 /* LoginController.swift in Sources */,
				13EA8F882605078800B58E38 /* ProfileTextCell.swift in Sources */,
				133C52CE25F4E25A007858F9 /* Extensions.swift in Sources */,
				1393889E26186E7F00D5368C /* NotificationService.swift in Sources */,
				139213722645957C00EC3277 /* Conversation.swift in Sources */,
				1316CCEA260616CB0017D8B2 /* Notification.swift in Sources */,
				13BC7C9326370BED0016FE56 /* CreateGroupMembersSelectionController.swift in Sources */,
				13ECFF582614A30200AD94D9 /* InputTextView.swift in Sources */,
				1316CCFB2606748B0017D8B2 /* GroupViewModel.swift in Sources */,
				1376390926077C2500CE3224 /* NotificationViewModel.swift in Sources */,
				13BC7C492635B73D0016FE56 /* ChatController.swift in Sources */,
				13DE692125FB81D70021C87A /* ProfileEditExperienceCell.swift in Sources */,
				133C530125F59548007858F9 /* User.swift in Sources */,
				135FB1B225F99A7B00A7AB15 /* SpecifyEditProfileController.swift in Sources */,
			);
			runOnlyForDeploymentPostprocessing = 0;
		};
		1397FD5025F3F5F700ED0439 /* Sources */ = {
			isa = PBXSourcesBuildPhase;
			buildActionMask = 2147483647;
			files = (
				1397FD5925F3F5F700ED0439 /* ProjectBuddiesTests.swift in Sources */,
			);
			runOnlyForDeploymentPostprocessing = 0;
		};
		1397FD5B25F3F5F700ED0439 /* Sources */ = {
			isa = PBXSourcesBuildPhase;
			buildActionMask = 2147483647;
			files = (
				1397FD6425F3F5F700ED0439 /* ProjectBuddiesUITests.swift in Sources */,
			);
			runOnlyForDeploymentPostprocessing = 0;
		};
/* End PBXSourcesBuildPhase section */

/* Begin PBXTargetDependency section */
		1397FD5625F3F5F700ED0439 /* PBXTargetDependency */ = {
			isa = PBXTargetDependency;
			target = 1397FD3D25F3F5F600ED0439 /* ProjectBuddies */;
			targetProxy = 1397FD5525F3F5F700ED0439 /* PBXContainerItemProxy */;
		};
		1397FD6125F3F5F700ED0439 /* PBXTargetDependency */ = {
			isa = PBXTargetDependency;
			target = 1397FD3D25F3F5F600ED0439 /* ProjectBuddies */;
			targetProxy = 1397FD6025F3F5F700ED0439 /* PBXContainerItemProxy */;
		};
/* End PBXTargetDependency section */

/* Begin PBXVariantGroup section */
		1397FD4C25F3F5F700ED0439 /* LaunchScreen.storyboard */ = {
			isa = PBXVariantGroup;
			children = (
				1397FD4D25F3F5F700ED0439 /* Base */,
			);
			name = LaunchScreen.storyboard;
			sourceTree = "<group>";
		};
/* End PBXVariantGroup section */

/* Begin XCBuildConfiguration section */
		1397FD6625F3F5F800ED0439 /* Debug */ = {
			isa = XCBuildConfiguration;
			buildSettings = {
				ALWAYS_SEARCH_USER_PATHS = NO;
				CLANG_ANALYZER_NONNULL = YES;
				CLANG_ANALYZER_NUMBER_OBJECT_CONVERSION = YES_AGGRESSIVE;
				CLANG_CXX_LANGUAGE_STANDARD = "gnu++14";
				CLANG_CXX_LIBRARY = "libc++";
				CLANG_ENABLE_MODULES = YES;
				CLANG_ENABLE_OBJC_ARC = YES;
				CLANG_ENABLE_OBJC_WEAK = YES;
				CLANG_WARN_BLOCK_CAPTURE_AUTORELEASING = YES;
				CLANG_WARN_BOOL_CONVERSION = YES;
				CLANG_WARN_COMMA = YES;
				CLANG_WARN_CONSTANT_CONVERSION = YES;
				CLANG_WARN_DEPRECATED_OBJC_IMPLEMENTATIONS = YES;
				CLANG_WARN_DIRECT_OBJC_ISA_USAGE = YES_ERROR;
				CLANG_WARN_DOCUMENTATION_COMMENTS = YES;
				CLANG_WARN_EMPTY_BODY = YES;
				CLANG_WARN_ENUM_CONVERSION = YES;
				CLANG_WARN_INFINITE_RECURSION = YES;
				CLANG_WARN_INT_CONVERSION = YES;
				CLANG_WARN_NON_LITERAL_NULL_CONVERSION = YES;
				CLANG_WARN_OBJC_IMPLICIT_RETAIN_SELF = YES;
				CLANG_WARN_OBJC_LITERAL_CONVERSION = YES;
				CLANG_WARN_OBJC_ROOT_CLASS = YES_ERROR;
				CLANG_WARN_QUOTED_INCLUDE_IN_FRAMEWORK_HEADER = YES;
				CLANG_WARN_RANGE_LOOP_ANALYSIS = YES;
				CLANG_WARN_STRICT_PROTOTYPES = YES;
				CLANG_WARN_SUSPICIOUS_MOVE = YES;
				CLANG_WARN_UNGUARDED_AVAILABILITY = YES_AGGRESSIVE;
				CLANG_WARN_UNREACHABLE_CODE = YES;
				CLANG_WARN__DUPLICATE_METHOD_MATCH = YES;
				COPY_PHASE_STRIP = NO;
				DEBUG_INFORMATION_FORMAT = dwarf;
				ENABLE_STRICT_OBJC_MSGSEND = YES;
				ENABLE_TESTABILITY = YES;
				GCC_C_LANGUAGE_STANDARD = gnu11;
				GCC_DYNAMIC_NO_PIC = NO;
				GCC_NO_COMMON_BLOCKS = YES;
				GCC_OPTIMIZATION_LEVEL = 0;
				GCC_PREPROCESSOR_DEFINITIONS = (
					"DEBUG=1",
					"$(inherited)",
				);
				GCC_WARN_64_TO_32_BIT_CONVERSION = YES;
				GCC_WARN_ABOUT_RETURN_TYPE = YES_ERROR;
				GCC_WARN_UNDECLARED_SELECTOR = YES;
				GCC_WARN_UNINITIALIZED_AUTOS = YES_AGGRESSIVE;
				GCC_WARN_UNUSED_FUNCTION = YES;
				GCC_WARN_UNUSED_VARIABLE = YES;
				IPHONEOS_DEPLOYMENT_TARGET = 14.4;
				MTL_ENABLE_DEBUG_INFO = INCLUDE_SOURCE;
				MTL_FAST_MATH = YES;
				ONLY_ACTIVE_ARCH = YES;
				"OTHER_LDFLAGS[sdk=iphoneos*]" = "-ObjC";
				SDKROOT = iphoneos;
				SWIFT_ACTIVE_COMPILATION_CONDITIONS = DEBUG;
				SWIFT_OPTIMIZATION_LEVEL = "-Onone";
			};
			name = Debug;
		};
		1397FD6725F3F5F800ED0439 /* Release */ = {
			isa = XCBuildConfiguration;
			buildSettings = {
				ALWAYS_SEARCH_USER_PATHS = NO;
				CLANG_ANALYZER_NONNULL = YES;
				CLANG_ANALYZER_NUMBER_OBJECT_CONVERSION = YES_AGGRESSIVE;
				CLANG_CXX_LANGUAGE_STANDARD = "gnu++14";
				CLANG_CXX_LIBRARY = "libc++";
				CLANG_ENABLE_MODULES = YES;
				CLANG_ENABLE_OBJC_ARC = YES;
				CLANG_ENABLE_OBJC_WEAK = YES;
				CLANG_WARN_BLOCK_CAPTURE_AUTORELEASING = YES;
				CLANG_WARN_BOOL_CONVERSION = YES;
				CLANG_WARN_COMMA = YES;
				CLANG_WARN_CONSTANT_CONVERSION = YES;
				CLANG_WARN_DEPRECATED_OBJC_IMPLEMENTATIONS = YES;
				CLANG_WARN_DIRECT_OBJC_ISA_USAGE = YES_ERROR;
				CLANG_WARN_DOCUMENTATION_COMMENTS = YES;
				CLANG_WARN_EMPTY_BODY = YES;
				CLANG_WARN_ENUM_CONVERSION = YES;
				CLANG_WARN_INFINITE_RECURSION = YES;
				CLANG_WARN_INT_CONVERSION = YES;
				CLANG_WARN_NON_LITERAL_NULL_CONVERSION = YES;
				CLANG_WARN_OBJC_IMPLICIT_RETAIN_SELF = YES;
				CLANG_WARN_OBJC_LITERAL_CONVERSION = YES;
				CLANG_WARN_OBJC_ROOT_CLASS = YES_ERROR;
				CLANG_WARN_QUOTED_INCLUDE_IN_FRAMEWORK_HEADER = YES;
				CLANG_WARN_RANGE_LOOP_ANALYSIS = YES;
				CLANG_WARN_STRICT_PROTOTYPES = YES;
				CLANG_WARN_SUSPICIOUS_MOVE = YES;
				CLANG_WARN_UNGUARDED_AVAILABILITY = YES_AGGRESSIVE;
				CLANG_WARN_UNREACHABLE_CODE = YES;
				CLANG_WARN__DUPLICATE_METHOD_MATCH = YES;
				COPY_PHASE_STRIP = NO;
				DEBUG_INFORMATION_FORMAT = "dwarf-with-dsym";
				ENABLE_NS_ASSERTIONS = NO;
				ENABLE_STRICT_OBJC_MSGSEND = YES;
				GCC_C_LANGUAGE_STANDARD = gnu11;
				GCC_NO_COMMON_BLOCKS = YES;
				GCC_WARN_64_TO_32_BIT_CONVERSION = YES;
				GCC_WARN_ABOUT_RETURN_TYPE = YES_ERROR;
				GCC_WARN_UNDECLARED_SELECTOR = YES;
				GCC_WARN_UNINITIALIZED_AUTOS = YES_AGGRESSIVE;
				GCC_WARN_UNUSED_FUNCTION = YES;
				GCC_WARN_UNUSED_VARIABLE = YES;
				IPHONEOS_DEPLOYMENT_TARGET = 14.4;
				MTL_ENABLE_DEBUG_INFO = NO;
				MTL_FAST_MATH = YES;
				SDKROOT = iphoneos;
				SWIFT_COMPILATION_MODE = wholemodule;
				SWIFT_OPTIMIZATION_LEVEL = "-O";
				VALIDATE_PRODUCT = YES;
			};
			name = Release;
		};
		1397FD6925F3F5F800ED0439 /* Debug */ = {
			isa = XCBuildConfiguration;
			baseConfigurationReference = CF7338070138D38087B5D4DE /* Pods-ProjectBuddies.debug.xcconfig */;
			buildSettings = {
				ASSETCATALOG_COMPILER_APPICON_NAME = AppIcon;
				ASSETCATALOG_COMPILER_GLOBAL_ACCENT_COLOR_NAME = AccentColor;
				CODE_SIGN_STYLE = Automatic;
				DEVELOPMENT_TEAM = 62H8K9A37Y;
				INFOPLIST_FILE = ProjectBuddies/Info.plist;
				LD_RUNPATH_SEARCH_PATHS = (
					"$(inherited)",
					"@executable_path/Frameworks",
				);
				PRODUCT_BUNDLE_IDENTIFIER = strama.ProjectBuddies;
				PRODUCT_NAME = "$(TARGET_NAME)";
				SWIFT_VERSION = 5.0;
				TARGETED_DEVICE_FAMILY = "1,2";
			};
			name = Debug;
		};
		1397FD6A25F3F5F800ED0439 /* Release */ = {
			isa = XCBuildConfiguration;
			baseConfigurationReference = BC4735493929909173A8EE4A /* Pods-ProjectBuddies.release.xcconfig */;
			buildSettings = {
				ASSETCATALOG_COMPILER_APPICON_NAME = AppIcon;
				ASSETCATALOG_COMPILER_GLOBAL_ACCENT_COLOR_NAME = AccentColor;
				CODE_SIGN_STYLE = Automatic;
				DEVELOPMENT_TEAM = 62H8K9A37Y;
				INFOPLIST_FILE = ProjectBuddies/Info.plist;
				LD_RUNPATH_SEARCH_PATHS = (
					"$(inherited)",
					"@executable_path/Frameworks",
				);
				PRODUCT_BUNDLE_IDENTIFIER = strama.ProjectBuddies;
				PRODUCT_NAME = "$(TARGET_NAME)";
				SWIFT_VERSION = 5.0;
				TARGETED_DEVICE_FAMILY = "1,2";
			};
			name = Release;
		};
		1397FD6C25F3F5F800ED0439 /* Debug */ = {
			isa = XCBuildConfiguration;
			baseConfigurationReference = 246CA58AB4FF00F9C5283B08 /* Pods-ProjectBuddiesTests.debug.xcconfig */;
			buildSettings = {
				ALWAYS_EMBED_SWIFT_STANDARD_LIBRARIES = YES;
				BUNDLE_LOADER = "$(TEST_HOST)";
				CODE_SIGN_STYLE = Automatic;
				DEVELOPMENT_TEAM = 62H8K9A37Y;
				INFOPLIST_FILE = ProjectBuddiesTests/Info.plist;
				IPHONEOS_DEPLOYMENT_TARGET = 14.4;
				LD_RUNPATH_SEARCH_PATHS = (
					"$(inherited)",
					"@executable_path/Frameworks",
					"@loader_path/Frameworks",
				);
				PRODUCT_BUNDLE_IDENTIFIER = strama.ProjectBuddiesTests;
				PRODUCT_NAME = "$(TARGET_NAME)";
				SWIFT_VERSION = 5.0;
				TARGETED_DEVICE_FAMILY = "1,2";
				TEST_HOST = "$(BUILT_PRODUCTS_DIR)/ProjectBuddies.app/ProjectBuddies";
			};
			name = Debug;
		};
		1397FD6D25F3F5F800ED0439 /* Release */ = {
			isa = XCBuildConfiguration;
			baseConfigurationReference = 72FAE74B2B193645A0F438B1 /* Pods-ProjectBuddiesTests.release.xcconfig */;
			buildSettings = {
				ALWAYS_EMBED_SWIFT_STANDARD_LIBRARIES = YES;
				BUNDLE_LOADER = "$(TEST_HOST)";
				CODE_SIGN_STYLE = Automatic;
				DEVELOPMENT_TEAM = 62H8K9A37Y;
				INFOPLIST_FILE = ProjectBuddiesTests/Info.plist;
				IPHONEOS_DEPLOYMENT_TARGET = 14.4;
				LD_RUNPATH_SEARCH_PATHS = (
					"$(inherited)",
					"@executable_path/Frameworks",
					"@loader_path/Frameworks",
				);
				PRODUCT_BUNDLE_IDENTIFIER = strama.ProjectBuddiesTests;
				PRODUCT_NAME = "$(TARGET_NAME)";
				SWIFT_VERSION = 5.0;
				TARGETED_DEVICE_FAMILY = "1,2";
				TEST_HOST = "$(BUILT_PRODUCTS_DIR)/ProjectBuddies.app/ProjectBuddies";
			};
			name = Release;
		};
		1397FD6F25F3F5F800ED0439 /* Debug */ = {
			isa = XCBuildConfiguration;
			baseConfigurationReference = 22D0814DF759F277AD6A5D93 /* Pods-ProjectBuddies-ProjectBuddiesUITests.debug.xcconfig */;
			buildSettings = {
				ALWAYS_EMBED_SWIFT_STANDARD_LIBRARIES = YES;
				CODE_SIGN_STYLE = Automatic;
				DEVELOPMENT_TEAM = 62H8K9A37Y;
				INFOPLIST_FILE = ProjectBuddiesUITests/Info.plist;
				LD_RUNPATH_SEARCH_PATHS = (
					"$(inherited)",
					"@executable_path/Frameworks",
					"@loader_path/Frameworks",
				);
				PRODUCT_BUNDLE_IDENTIFIER = strama.ProjectBuddiesUITests;
				PRODUCT_NAME = "$(TARGET_NAME)";
				SWIFT_VERSION = 5.0;
				TARGETED_DEVICE_FAMILY = "1,2";
				TEST_TARGET_NAME = ProjectBuddies;
			};
			name = Debug;
		};
		1397FD7025F3F5F800ED0439 /* Release */ = {
			isa = XCBuildConfiguration;
			baseConfigurationReference = A7EFB64EEE195FEE4C4D101A /* Pods-ProjectBuddies-ProjectBuddiesUITests.release.xcconfig */;
			buildSettings = {
				ALWAYS_EMBED_SWIFT_STANDARD_LIBRARIES = YES;
				CODE_SIGN_STYLE = Automatic;
				DEVELOPMENT_TEAM = 62H8K9A37Y;
				INFOPLIST_FILE = ProjectBuddiesUITests/Info.plist;
				LD_RUNPATH_SEARCH_PATHS = (
					"$(inherited)",
					"@executable_path/Frameworks",
					"@loader_path/Frameworks",
				);
				PRODUCT_BUNDLE_IDENTIFIER = strama.ProjectBuddiesUITests;
				PRODUCT_NAME = "$(TARGET_NAME)";
				SWIFT_VERSION = 5.0;
				TARGETED_DEVICE_FAMILY = "1,2";
				TEST_TARGET_NAME = ProjectBuddies;
			};
			name = Release;
		};
/* End XCBuildConfiguration section */

/* Begin XCConfigurationList section */
		1397FD3925F3F5F600ED0439 /* Build configuration list for PBXProject "ProjectBuddies" */ = {
			isa = XCConfigurationList;
			buildConfigurations = (
				1397FD6625F3F5F800ED0439 /* Debug */,
				1397FD6725F3F5F800ED0439 /* Release */,
			);
			defaultConfigurationIsVisible = 0;
			defaultConfigurationName = Release;
		};
		1397FD6825F3F5F800ED0439 /* Build configuration list for PBXNativeTarget "ProjectBuddies" */ = {
			isa = XCConfigurationList;
			buildConfigurations = (
				1397FD6925F3F5F800ED0439 /* Debug */,
				1397FD6A25F3F5F800ED0439 /* Release */,
			);
			defaultConfigurationIsVisible = 0;
			defaultConfigurationName = Release;
		};
		1397FD6B25F3F5F800ED0439 /* Build configuration list for PBXNativeTarget "ProjectBuddiesTests" */ = {
			isa = XCConfigurationList;
			buildConfigurations = (
				1397FD6C25F3F5F800ED0439 /* Debug */,
				1397FD6D25F3F5F800ED0439 /* Release */,
			);
			defaultConfigurationIsVisible = 0;
			defaultConfigurationName = Release;
		};
		1397FD6E25F3F5F800ED0439 /* Build configuration list for PBXNativeTarget "ProjectBuddiesUITests" */ = {
			isa = XCConfigurationList;
			buildConfigurations = (
				1397FD6F25F3F5F800ED0439 /* Debug */,
				1397FD7025F3F5F800ED0439 /* Release */,
			);
			defaultConfigurationIsVisible = 0;
			defaultConfigurationName = Release;
		};
/* End XCConfigurationList section */
	};
	rootObject = 1397FD3625F3F5F600ED0439 /* Project object */;
}
